PODS:
  - CleverTap-iOS-SDK/tvOS (3.1.7)
  - Crashlytics (3.12.0):
    - Fabric (~> 1.9.0)
  - Fabric (1.9.0)
  - ReachabilitySwift (4.3.1)
  - SDWebImage (4.4.6):
    - SDWebImage/Core (= 4.4.6)
  - SDWebImage/Core (4.4.6)

DEPENDENCIES:
  - CleverTap-iOS-SDK/tvOS
  - Crashlytics
  - Fabric
  - ReachabilitySwift
  - SDWebImage

SPEC REPOS:
  https://github.com/cocoapods/specs.git:
    - CleverTap-iOS-SDK
    - Crashlytics
    - Fabric
    - ReachabilitySwift
    - SDWebImage

SPEC CHECKSUMS:
  CleverTap-iOS-SDK: 996a436d5acdc9dcfdb4f8ffb0fe5f4bb035ecc2
  Crashlytics: 07fb167b1694128c1c9a5a5cc319b0e9c3ca0933
  Fabric: f988e33c97f08930a413e08123064d2e5f68d655
  ReachabilitySwift: 4032e2f59586e11e3b0ebe15b167abdd587a388b
  SDWebImage: 3f3f0c02f09798048c47a5ed0a13f17b063572d8

PODFILE CHECKSUM: 1222a0dd740db38a7f00bea54eada05aa615ac63

COCOAPODS: 1.5.3
