// !$*UTF8*$!
{
	archiveVersion = 1;
	classes = {
	};
	objectVersion = 46;
	objects = {

/* Begin PBXBuildFile section */
		00777FFE02D94AB75D595079 /* Pods_JioCinema.framework in Frameworks */ = {isa = PBXBuildFile; fileRef = 44B33E3BBFC27C9E1E591B9B /* Pods_JioCinema.framework */; };
		192A0152217DBE8000E5D08A /* DisneyHomeViewModel.swift in Sources */ = {isa = PBXBuildFile; fileRef = 192A0151217DBE8000E5D08A /* DisneyHomeViewModel.swift */; };
		192A0154217DBEAE00E5D08A /* CommonHomeViewModel.swift in Sources */ = {isa = PBXBuildFile; fileRef = 192A0153217DBEAE00E5D08A /* CommonHomeViewModel.swift */; };
		19491EDC2018522600870794 /* TVServices.framework in Frameworks */ = {isa = PBXBuildFile; fileRef = 19491EDB2018522600870794 /* TVServices.framework */; };
		19491EDF2018522600870794 /* ServiceProvider.swift in Sources */ = {isa = PBXBuildFile; fileRef = 19491EDE2018522600870794 /* ServiceProvider.swift */; };
		19491EE32018522600870794 /* JCTopShelf.appex in Embed App Extensions */ = {isa = PBXBuildFile; fileRef = 19491EDA2018522600870794 /* JCTopShelf.appex */; settings = {ATTRIBUTES = (RemoveHeadersOnCopy, ); }; };
		19491EE92018528100870794 /* TopShelfModel.swift in Sources */ = {isa = PBXBuildFile; fileRef = 19491EE82018528100870794 /* TopShelfModel.swift */; };
		19491EEA2018528100870794 /* TopShelfModel.swift in Sources */ = {isa = PBXBuildFile; fileRef = 19491EE82018528100870794 /* TopShelfModel.swift */; };
		194E1EB020B7F35800C73EBA /* JCSearchRecommendationTableViewCell.swift in Sources */ = {isa = PBXBuildFile; fileRef = 194E1EAE20B7F35800C73EBA /* JCSearchRecommendationTableViewCell.swift */; };
		194E1EB120B7F35800C73EBA /* JCSearchRecommendationTableViewCell.xib in Resources */ = {isa = PBXBuildFile; fileRef = 194E1EAF20B7F35800C73EBA /* JCSearchRecommendationTableViewCell.xib */; };
		194E1EB320B8324B00C73EBA /* SearchNavigationController.swift in Sources */ = {isa = PBXBuildFile; fileRef = 194E1EB220B8324B00C73EBA /* SearchNavigationController.swift */; };
		196291CC203A9BEB0064927E /* ShowMoreTextbutton.swift in Sources */ = {isa = PBXBuildFile; fileRef = 196291CB203A9BEB0064927E /* ShowMoreTextbutton.swift */; };
		1966AC59213FC45F00A98404 /* LoginModels.swift in Sources */ = {isa = PBXBuildFile; fileRef = 1966AC58213FC45F00A98404 /* LoginModels.swift */; };
		1966AC5B213FC54700A98404 /* APIManager+Base.swift in Sources */ = {isa = PBXBuildFile; fileRef = 1966AC5A213FC54700A98404 /* APIManager+Base.swift */; };
		1966AC5D213FC58B00A98404 /* APIManager+Common.swift in Sources */ = {isa = PBXBuildFile; fileRef = 1966AC5C213FC58B00A98404 /* APIManager+Common.swift */; };
		1966AC5F213FC5B300A98404 /* APIManager+Search.swift in Sources */ = {isa = PBXBuildFile; fileRef = 1966AC5E213FC5B300A98404 /* APIManager+Search.swift */; };
		1966AC61213FDBD800A98404 /* APIManager+LanguageGenre.swift in Sources */ = {isa = PBXBuildFile; fileRef = 1966AC60213FDBD800A98404 /* APIManager+LanguageGenre.swift */; };
		1976EDAD1FD7D84D00EA948D /* PlaybackRightsModel.swift in Sources */ = {isa = PBXBuildFile; fileRef = 1976EDAC1FD7D84D00EA948D /* PlaybackRightsModel.swift */; };
		197727B620B6A1DD00D291A9 /* JCTrendingSearchResultViewModel.swift in Sources */ = {isa = PBXBuildFile; fileRef = 197727B520B6A1DD00D291A9 /* JCTrendingSearchResultViewModel.swift */; };
		197727B920B6A8C300D291A9 /* JCTrendingSearchTextSuperModel.swift in Sources */ = {isa = PBXBuildFile; fileRef = 197727B820B6A8C300D291A9 /* JCTrendingSearchTextSuperModel.swift */; };
		199DE87721649ACF0052CA54 /* DisneyKids.png in Resources */ = {isa = PBXBuildFile; fileRef = 199DE87421649ACE0052CA54 /* DisneyKids.png */; };
		199DE87821649ACF0052CA54 /* DisneyMovies.png in Resources */ = {isa = PBXBuildFile; fileRef = 199DE87521649ACF0052CA54 /* DisneyMovies.png */; };
		199DE87921649ACF0052CA54 /* DisneyTVShow.png in Resources */ = {isa = PBXBuildFile; fileRef = 199DE87621649ACF0052CA54 /* DisneyTVShow.png */; };
		19B4A62221AFC5F200B13C77 /* MultiAudioManager.swift in Sources */ = {isa = PBXBuildFile; fileRef = 19B4A62121AFC5F200B13C77 /* MultiAudioManager.swift */; };
		19BF8A74214651A6001C58DD /* BaseTableViewCell.swift in Sources */ = {isa = PBXBuildFile; fileRef = 19BF8A6F214651A6001C58DD /* BaseTableViewCell.swift */; };
		19BF8A75214651A6001C58DD /* BaseViewModel.swift in Sources */ = {isa = PBXBuildFile; fileRef = 19BF8A70214651A6001C58DD /* BaseViewModel.swift */; };
		19BF8A77214651A6001C58DD /* BaseViewController.xib in Resources */ = {isa = PBXBuildFile; fileRef = 19BF8A72214651A6001C58DD /* BaseViewController.xib */; };
		19BF8A78214651A6001C58DD /* BaseViewController.swift in Sources */ = {isa = PBXBuildFile; fileRef = 19BF8A73214651A6001C58DD /* BaseViewController.swift */; };
		19BF8A7D214657BF001C58DD /* ItemCollectionViewCell.swift in Sources */ = {isa = PBXBuildFile; fileRef = 19BF8A7B214657BE001C58DD /* ItemCollectionViewCell.swift */; };
		19BF8A7E214657BF001C58DD /* ItemCollectionViewCell.xib in Resources */ = {isa = PBXBuildFile; fileRef = 19BF8A7C214657BE001C58DD /* ItemCollectionViewCell.xib */; };
		19ED97F11FD5406F00E43CBE /* CheckVersionModel.swift in Sources */ = {isa = PBXBuildFile; fileRef = 19ED97EE1FD5406F00E43CBE /* CheckVersionModel.swift */; };
		19ED97F21FD5406F00E43CBE /* CheckVersionResult.swift in Sources */ = {isa = PBXBuildFile; fileRef = 19ED97EF1FD5406F00E43CBE /* CheckVersionResult.swift */; };
		19ED97F31FD5406F00E43CBE /* CheckVersionData.swift in Sources */ = {isa = PBXBuildFile; fileRef = 19ED97F01FD5406F00E43CBE /* CheckVersionData.swift */; };
		2024C4871F3C38A8003A08C3 /* Terms.png in Resources */ = {isa = PBXBuildFile; fileRef = 2024C4861F3C38A8003A08C3 /* Terms.png */; };
		2024C4891F3C9C2D003A08C3 /* ArrowGrey.png in Resources */ = {isa = PBXBuildFile; fileRef = 2024C4881F3C9C2D003A08C3 /* ArrowGrey.png */; };
		2024C48B1F3C9C34003A08C3 /* ArrowPink.png in Resources */ = {isa = PBXBuildFile; fileRef = 2024C48A1F3C9C34003A08C3 /* ArrowPink.png */; };
		2025F44D1F3AEE3C00C3B609 /* JCSettingsVC.swift in Sources */ = {isa = PBXBuildFile; fileRef = 2025F44C1F3AEE3C00C3B609 /* JCSettingsVC.swift */; };
		2025F4501F3AF58300C3B609 /* JCSettingsTableViewCell.swift in Sources */ = {isa = PBXBuildFile; fileRef = 2025F44E1F3AF58300C3B609 /* JCSettingsTableViewCell.swift */; };
		2025F4511F3AF58300C3B609 /* JCSettingsTableViewCell.xib in Resources */ = {isa = PBXBuildFile; fileRef = 2025F44F1F3AF58300C3B609 /* JCSettingsTableViewCell.xib */; };
		2025F4531F3B44DB00C3B609 /* JCSettingsDetailVC.swift in Sources */ = {isa = PBXBuildFile; fileRef = 2025F4521F3B44DB00C3B609 /* JCSettingsDetailVC.swift */; };
		2025F4551F3B513100C3B609 /* Autoplay.png in Resources */ = {isa = PBXBuildFile; fileRef = 2025F4541F3B513100C3B609 /* Autoplay.png */; };
		2025F4571F3B513A00C3B609 /* FAQ.png in Resources */ = {isa = PBXBuildFile; fileRef = 2025F4561F3B513A00C3B609 /* FAQ.png */; };
		2025F4591F3B51B700C3B609 /* Feedback.png in Resources */ = {isa = PBXBuildFile; fileRef = 2025F4581F3B51B700C3B609 /* Feedback.png */; };
		2025F45B1F3B51BF00C3B609 /* Logout.png in Resources */ = {isa = PBXBuildFile; fileRef = 2025F45A1F3B51BF00C3B609 /* Logout.png */; };
		2025F45D1F3B51C700C3B609 /* MyAccount.png in Resources */ = {isa = PBXBuildFile; fileRef = 2025F45C1F3B51C700C3B609 /* MyAccount.png */; };
		2025F45F1F3B51CE00C3B609 /* PrivacyPolicy.png in Resources */ = {isa = PBXBuildFile; fileRef = 2025F45E1F3B51CE00C3B609 /* PrivacyPolicy.png */; };
		2025F4631F3B51D800C3B609 /* Version.png in Resources */ = {isa = PBXBuildFile; fileRef = 2025F4621F3B51D800C3B609 /* Version.png */; };
		203C40AA1F4EE80300D91108 /* JCResumeWatchingVC.swift in Sources */ = {isa = PBXBuildFile; fileRef = 203C40A91F4EE80300D91108 /* JCResumeWatchingVC.swift */; };
		205C0E5F1F3DCEE1004965A9 /* Settings.png in Resources */ = {isa = PBXBuildFile; fileRef = 205C0E5E1F3DCEE1004965A9 /* Settings.png */; };
		530C0E1A21B8F8E40029C4D8 /* SideNavigationTableCell.swift in Sources */ = {isa = PBXBuildFile; fileRef = 530C0E1821B8F8E40029C4D8 /* SideNavigationTableCell.swift */; };
		533F7020211C7609003EA167 /* JCBaseTableViewFooterView.swift in Sources */ = {isa = PBXBuildFile; fileRef = 533F701F211C7609003EA167 /* JCBaseTableViewFooterView.swift */; };
		533F7024211C78DD003EA167 /* JCBaseTableViewFooterView.xib in Resources */ = {isa = PBXBuildFile; fileRef = 533F7023211C78DD003EA167 /* JCBaseTableViewFooterView.xib */; };
		535E5A5521259A9200C375BD /* Utility+ActivityIndicator.swift in Sources */ = {isa = PBXBuildFile; fileRef = 535E5A5421259A9200C375BD /* Utility+ActivityIndicator.swift */; };
		5360F84920C11EE600F9FC25 /* JCSearchViewController.swift in Sources */ = {isa = PBXBuildFile; fileRef = 5360F84820C11EE600F9FC25 /* JCSearchViewController.swift */; };
		539618E221219B1500B576BF /* ParentalControlVC.swift in Sources */ = {isa = PBXBuildFile; fileRef = 539618E021219B1500B576BF /* ParentalControlVC.swift */; };
		539618E321219B1500B576BF /* ParentalControlVC.xib in Resources */ = {isa = PBXBuildFile; fileRef = 539618E121219B1500B576BF /* ParentalControlVC.xib */; };
		539618EB21219BD900B576BF /* SetParentalPinView.xib in Resources */ = {isa = PBXBuildFile; fileRef = 539618E921219BD900B576BF /* SetParentalPinView.xib */; };
		539618ED2121A05200B576BF /* SetParentalViewModel.swift in Sources */ = {isa = PBXBuildFile; fileRef = 539618EC2121A05200B576BF /* SetParentalViewModel.swift */; };
		539618EF2121A0F300B576BF /* EnterPinViewModel.swift in Sources */ = {isa = PBXBuildFile; fileRef = 539618EE2121A0F300B576BF /* EnterPinViewModel.swift */; };
		539618F22121A41F00B576BF /* EnterParentalPinView.swift in Sources */ = {isa = PBXBuildFile; fileRef = 539618F02121A41E00B576BF /* EnterParentalPinView.swift */; };
		539618F32121A41F00B576BF /* EnterParentalPinView.xib in Resources */ = {isa = PBXBuildFile; fileRef = 539618F12121A41F00B576BF /* EnterParentalPinView.xib */; };
		539618F92122B80700B576BF /* SetParentalPinView.swift in Sources */ = {isa = PBXBuildFile; fileRef = 539618F82122B80600B576BF /* SetParentalPinView.swift */; };
		539AB2592122C4CB0003FF84 /* ParentalPinModel.swift in Sources */ = {isa = PBXBuildFile; fileRef = 539AB2582122C4CB0003FF84 /* ParentalPinModel.swift */; };
		539AB25B2122E2760003FF84 /* ParentalPinManager.swift in Sources */ = {isa = PBXBuildFile; fileRef = 539AB25A2122E2760003FF84 /* ParentalPinManager.swift */; };
		539FC8B52126F53D0070D306 /* ParentalControlSetting.png in Resources */ = {isa = PBXBuildFile; fileRef = 539FC8B42126F53D0070D306 /* ParentalControlSetting.png */; };
		53A70E3D220454AA00C48814 /* SideNavigationTableCell.xib in Resources */ = {isa = PBXBuildFile; fileRef = 53A70E3C220454A900C48814 /* SideNavigationTableCell.xib */; };
		53AD5F2320BD1E7B005D6820 /* AutoplayButton.swift in Sources */ = {isa = PBXBuildFile; fileRef = 53AD5F2220BD1E7B005D6820 /* AutoplayButton.swift */; };
		53D1E2E721B7B881003BD5C1 /* SideNavigationVC.swift in Sources */ = {isa = PBXBuildFile; fileRef = 53D1E2E521B7B881003BD5C1 /* SideNavigationVC.swift */; };
		53D1E2E821B7B881003BD5C1 /* SideNavigationVC.xib in Resources */ = {isa = PBXBuildFile; fileRef = 53D1E2E621B7B881003BD5C1 /* SideNavigationVC.xib */; };
		53D1E2F421B7ED67003BD5C1 /* SideNavigationTableView.xib in Resources */ = {isa = PBXBuildFile; fileRef = 53D1E2F321B7ED67003BD5C1 /* SideNavigationTableView.xib */; };
		53D1E2F821B7F1B4003BD5C1 /* SideNavigationTableView.swift in Sources */ = {isa = PBXBuildFile; fileRef = 53D1E2F721B7F1B4003BD5C1 /* SideNavigationTableView.swift */; };
		53DDCB2021BF90F9004F0A6A /* AutoScrollLabel.swift in Sources */ = {isa = PBXBuildFile; fileRef = 53DDCB1F21BF90F9004F0A6A /* AutoScrollLabel.swift */; };
		53F16C51215AB25F0052BE0A /* BaseTableViewCell.xib in Resources */ = {isa = PBXBuildFile; fileRef = 53F16C50215AB25F0052BE0A /* BaseTableViewCell.xib */; };
		797880F91F4ECB390032943E /* JCSearchResultViewController.swift in Sources */ = {isa = PBXBuildFile; fileRef = 797880F81F4ECB390032943E /* JCSearchResultViewController.swift */; };
		797880FB1F4ECB810032943E /* SearchDataStore.swift in Sources */ = {isa = PBXBuildFile; fileRef = 797880FA1F4ECB810032943E /* SearchDataStore.swift */; };
		7B072E751F2CBFB900C67E97 /* JCMusicVC.swift in Sources */ = {isa = PBXBuildFile; fileRef = 7B072E741F2CBFB900C67E97 /* JCMusicVC.swift */; };
		7B0979241F27884C00B47E68 /* RJILImageDownloader.swift in Sources */ = {isa = PBXBuildFile; fileRef = 7B0979231F27884C00B47E68 /* RJILImageDownloader.swift */; };
		7B1084FF1F54270F008BC7E9 /* JCResumeWatchCell.swift in Sources */ = {isa = PBXBuildFile; fileRef = 7B1084FD1F54270F008BC7E9 /* JCResumeWatchCell.swift */; };
		7B1085001F54270F008BC7E9 /* JCResumeWatchCell.xib in Resources */ = {isa = PBXBuildFile; fileRef = 7B1084FE1F54270F008BC7E9 /* JCResumeWatchCell.xib */; };
		7B1CF54B1F1C9A05001C2B1D /* JCOTPVC.swift in Sources */ = {isa = PBXBuildFile; fileRef = 7B1CF54A1F1C9A05001C2B1D /* JCOTPVC.swift */; };
		7B3A43F91F4424F900EE3824 /* imdb_logo.png in Resources */ = {isa = PBXBuildFile; fileRef = 7B3A43F81F4424F900EE3824 /* imdb_logo.png */; };
		7B545E801F7A604C007C5004 /* JCAnalyticsManager.swift in Sources */ = {isa = PBXBuildFile; fileRef = 7B545E7F1F7A604C007C5004 /* JCAnalyticsManager.swift */; };
		7B61D4F31F7526CC001B081D /* JCArtistImageCell.swift in Sources */ = {isa = PBXBuildFile; fileRef = 7B61D4F11F7526CC001B081D /* JCArtistImageCell.swift */; };
		7B61D4F41F7526CC001B081D /* JCArtistImageCell.xib in Resources */ = {isa = PBXBuildFile; fileRef = 7B61D4F21F7526CC001B081D /* JCArtistImageCell.xib */; };
		7B6533011F2FB84C004D55B8 /* JCMetadataVC.swift in Sources */ = {isa = PBXBuildFile; fileRef = 7B6533001F2FB84C004D55B8 /* JCMetadataVC.swift */; };
		7B6737131F5975920019610E /* JCLanguageGenreDetailModel.swift in Sources */ = {isa = PBXBuildFile; fileRef = 7B6737121F5975920019610E /* JCLanguageGenreDetailModel.swift */; };
		7B78D7C21F13A91900F319BF /* AppDelegate.swift in Sources */ = {isa = PBXBuildFile; fileRef = 7B78D7C11F13A91900F319BF /* AppDelegate.swift */; };
		7B78D7C71F13A91900F319BF /* Main.storyboard in Resources */ = {isa = PBXBuildFile; fileRef = 7B78D7C51F13A91900F319BF /* Main.storyboard */; };
		7B78D7C91F13A91A00F319BF /* Assets.xcassets in Resources */ = {isa = PBXBuildFile; fileRef = 7B78D7C81F13A91A00F319BF /* Assets.xcassets */; };
		7B78D7D31F13B92900F319BF /* RJILApiManager.swift in Sources */ = {isa = PBXBuildFile; fileRef = 7B78D7D11F13B92900F319BF /* RJILApiManager.swift */; };
		7B78D7D41F13B92900F319BF /* RJILPendingTask.swift in Sources */ = {isa = PBXBuildFile; fileRef = 7B78D7D21F13B92900F319BF /* RJILPendingTask.swift */; };
		7B78D7D71F13BE7800F319BF /* JCAppConstants.swift in Sources */ = {isa = PBXBuildFile; fileRef = 7B78D7D61F13BE7800F319BF /* JCAppConstants.swift */; };
		7B78D7DA1F140DA100F319BF /* JCConfigData.swift in Sources */ = {isa = PBXBuildFile; fileRef = 7B78D7D91F140DA100F319BF /* JCConfigData.swift */; };
		7B78D7DC1F14752400F319BF /* JCDataStore.swift in Sources */ = {isa = PBXBuildFile; fileRef = 7B78D7DB1F14752400F319BF /* JCDataStore.swift */; };
		7B7D0E7D1F5BF630004BF3F1 /* JCLanguageGenreSelectionVC.swift in Sources */ = {isa = PBXBuildFile; fileRef = 7B7D0E7C1F5BF630004BF3F1 /* JCLanguageGenreSelectionVC.swift */; };
		7BA1C6E91F2F0715002AB966 /* JCLoginManager.swift in Sources */ = {isa = PBXBuildFile; fileRef = 7BA1C6E81F2F0715002AB966 /* JCLoginManager.swift */; };
		7BABC1D01F4B126B00B4B1AA /* JCSeasonCollectionViewCell.swift in Sources */ = {isa = PBXBuildFile; fileRef = 7BABC1CE1F4B126B00B4B1AA /* JCSeasonCollectionViewCell.swift */; };
		7BABC1D11F4B126B00B4B1AA /* JCSeasonCollectionViewCell.xib in Resources */ = {isa = PBXBuildFile; fileRef = 7BABC1CF1F4B126B00B4B1AA /* JCSeasonCollectionViewCell.xib */; };
		7BAE8D241F58487C00399F4D /* JCLanguageGenreVC.swift in Sources */ = {isa = PBXBuildFile; fileRef = 7BAE8D231F58487C00399F4D /* JCLanguageGenreVC.swift */; };
		7BB0E2011F1DECE600A1DB0B /* JCBaseVC.swift in Sources */ = {isa = PBXBuildFile; fileRef = 7BB0E1FF1F1DECE600A1DB0B /* JCBaseVC.swift */; };
		7BB0E2021F1DECE600A1DB0B /* JCBaseVC.xib in Resources */ = {isa = PBXBuildFile; fileRef = 7BB0E2001F1DECE600A1DB0B /* JCBaseVC.xib */; };
		7BB0E2061F1DEE9800A1DB0B /* JCBaseTableViewCell.swift in Sources */ = {isa = PBXBuildFile; fileRef = 7BB0E2041F1DEE9800A1DB0B /* JCBaseTableViewCell.swift */; };
		7BB0E2071F1DEE9800A1DB0B /* JCBaseTableViewCell.xib in Resources */ = {isa = PBXBuildFile; fileRef = 7BB0E2051F1DEE9800A1DB0B /* JCBaseTableViewCell.xib */; };
		7BB0E2091F1DF52500A1DB0B /* JCMoviesVC.swift in Sources */ = {isa = PBXBuildFile; fileRef = 7BB0E2081F1DF52500A1DB0B /* JCMoviesVC.swift */; };
		7BB0E20B1F1DF65900A1DB0B /* JCTabBarController.swift in Sources */ = {isa = PBXBuildFile; fileRef = 7BB0E20A1F1DF65900A1DB0B /* JCTabBarController.swift */; };
		7BB0E20E1F1DFF8E00A1DB0B /* JCCarouselCell.swift in Sources */ = {isa = PBXBuildFile; fileRef = 7BB0E20C1F1DFF8E00A1DB0B /* JCCarouselCell.swift */; };
		7BB0E20F1F1DFF8E00A1DB0B /* JCCarouselCell.xib in Resources */ = {isa = PBXBuildFile; fileRef = 7BB0E20D1F1DFF8E00A1DB0B /* JCCarouselCell.xib */; };
		7BB0E2111F1E283B00A1DB0B /* JCBaseDataModel.swift in Sources */ = {isa = PBXBuildFile; fileRef = 7BB0E2101F1E283B00A1DB0B /* JCBaseDataModel.swift */; };
		7BB86E771F4C1C4700610436 /* JCYearCell.swift in Sources */ = {isa = PBXBuildFile; fileRef = 7BB86E751F4C1C4700610436 /* JCYearCell.swift */; };
		7BB86E781F4C1C4700610436 /* JCYearCell.xib in Resources */ = {isa = PBXBuildFile; fileRef = 7BB86E761F4C1C4700610436 /* JCYearCell.xib */; };
		7BB86E7B1F4C1FAD00610436 /* JCMonthCell.swift in Sources */ = {isa = PBXBuildFile; fileRef = 7BB86E791F4C1FAD00610436 /* JCMonthCell.swift */; };
		7BB86E7C1F4C1FAD00610436 /* JCMonthCell.xib in Resources */ = {isa = PBXBuildFile; fileRef = 7BB86E7A1F4C1FAD00610436 /* JCMonthCell.xib */; };
		7BC1E7161F33044700D08E83 /* JioCinema-SplashScreen.png in Resources */ = {isa = PBXBuildFile; fileRef = 7BC1E7151F33044700D08E83 /* JioCinema-SplashScreen.png */; };
		7BD39C8E1F419CD40014255C /* JCMetadataModel.swift in Sources */ = {isa = PBXBuildFile; fileRef = 7BD39C8D1F419CD40014255C /* JCMetadataModel.swift */; };
		7BD39C901F419CE30014255C /* MetadataHeaderView.swift in Sources */ = {isa = PBXBuildFile; fileRef = 7BD39C8F1F419CE30014255C /* MetadataHeaderView.swift */; };
		7BD39C921F419CE90014255C /* kMetadataHeaderView.xib in Resources */ = {isa = PBXBuildFile; fileRef = 7BD39C911F419CE90014255C /* kMetadataHeaderView.xib */; };
		7BD39C961F419E110014255C /* JCMetadataButton.swift in Sources */ = {isa = PBXBuildFile; fileRef = 7BD39C951F419E110014255C /* JCMetadataButton.swift */; };
		7BD39C991F419F470014255C /* AddtoWatchlist.png in Resources */ = {isa = PBXBuildFile; fileRef = 7BD39C971F419F470014255C /* AddtoWatchlist.png */; };
		7BD39C9A1F419F470014255C /* WatchNow.png in Resources */ = {isa = PBXBuildFile; fileRef = 7BD39C981F419F470014255C /* WatchNow.png */; };
		7BE0EA4F1F30694100151D23 /* JCTVVC.swift in Sources */ = {isa = PBXBuildFile; fileRef = 7BE0EA4E1F30694100151D23 /* JCTVVC.swift */; };
		7BE0EA511F30695700151D23 /* JCClipsVC.swift in Sources */ = {isa = PBXBuildFile; fileRef = 7BE0EA501F30695700151D23 /* JCClipsVC.swift */; };
		7BE0EA551F30993B00151D23 /* JCPlayerVC.swift in Sources */ = {isa = PBXBuildFile; fileRef = 7BE0EA541F30993B00151D23 /* JCPlayerVC.swift */; };
		7BFE51381F29BD4500C901C7 /* JCBaseTableViewHeaderCell.swift in Sources */ = {isa = PBXBuildFile; fileRef = 7BFE51361F29BD4500C901C7 /* JCBaseTableViewHeaderCell.swift */; };
		7BFE51391F29BD4500C901C7 /* JCBaseTableViewHeaderCell.xib in Resources */ = {isa = PBXBuildFile; fileRef = 7BFE51371F29BD4500C901C7 /* JCBaseTableViewHeaderCell.xib */; };
		7BFE51421F29F47100C901C7 /* JCItemCell.swift in Sources */ = {isa = PBXBuildFile; fileRef = 7BFE51401F29F47100C901C7 /* JCItemCell.swift */; };
		7BFE51431F29F47100C901C7 /* JCItemCell.xib in Resources */ = {isa = PBXBuildFile; fileRef = 7BFE51411F29F47100C901C7 /* JCItemCell.xib */; };
		7BFEC4A61F154223001DFE6D /* JCAppUser.swift in Sources */ = {isa = PBXBuildFile; fileRef = 7BFEC4A51F154223001DFE6D /* JCAppUser.swift */; };
		7BFEC4AB1F154C42001DFE6D /* JCSplashVC.swift in Sources */ = {isa = PBXBuildFile; fileRef = 7BFEC4AA1F154C42001DFE6D /* JCSplashVC.swift */; };
		7BFEC4BA1F15C01A001DFE6D /* JCLoginVC.swift in Sources */ = {isa = PBXBuildFile; fileRef = 7BFEC4B91F15C01A001DFE6D /* JCLoginVC.swift */; };
		7BFEC4BC1F15C647001DFE6D /* JCHomeVC.swift in Sources */ = {isa = PBXBuildFile; fileRef = 7BFEC4BB1F15C647001DFE6D /* JCHomeVC.swift */; };
		7BFEC4C31F174ACA001DFE6D /* JCButton.swift in Sources */ = {isa = PBXBuildFile; fileRef = 7BFEC4C21F174ACA001DFE6D /* JCButton.swift */; };
		7BFEC4C51F177EAA001DFE6D /* JCTextField.swift in Sources */ = {isa = PBXBuildFile; fileRef = 7BFEC4C41F177EAA001DFE6D /* JCTextField.swift */; };
		7BFEC4C71F1782DC001DFE6D /* JCPasswordField.swift in Sources */ = {isa = PBXBuildFile; fileRef = 7BFEC4C61F1782DC001DFE6D /* JCPasswordField.swift */; };
		7BFEC4CB1F178C40001DFE6D /* JCSignInOptionsVC.swift in Sources */ = {isa = PBXBuildFile; fileRef = 7BFEC4CA1F178C40001DFE6D /* JCSignInOptionsVC.swift */; };
		847BC0512201D19A00FB5B2A /* JioType-MediumItalic.ttf in Resources */ = {isa = PBXBuildFile; fileRef = 847BC04B2201D19900FB5B2A /* JioType-MediumItalic.ttf */; };
		847BC0532201D19A00FB5B2A /* JioType-Medium.ttf in Resources */ = {isa = PBXBuildFile; fileRef = 847BC04D2201D19900FB5B2A /* JioType-Medium.ttf */; };
		847BC0542201D19A00FB5B2A /* JioType-Bold.ttf in Resources */ = {isa = PBXBuildFile; fileRef = 847BC04E2201D19900FB5B2A /* JioType-Bold.ttf */; };
		847BC0552201D19A00FB5B2A /* JioType-Black.ttf in Resources */ = {isa = PBXBuildFile; fileRef = 847BC04F2201D19A00FB5B2A /* JioType-Black.ttf */; };
		847BC0562201D19A00FB5B2A /* JioType-LightItalic.ttf in Resources */ = {isa = PBXBuildFile; fileRef = 847BC0502201D19A00FB5B2A /* JioType-LightItalic.ttf */; };
		847BC0572201D55500FB5B2A /* JioType-Light.ttf in Resources */ = {isa = PBXBuildFile; fileRef = 847BC04C2201D19900FB5B2A /* JioType-Light.ttf */; };
		9918EF912150D3DE004096E1 /* CarouselViewForDisney.swift in Sources */ = {isa = PBXBuildFile; fileRef = 9918EF8F2150D3DD004096E1 /* CarouselViewForDisney.swift */; };
		9918EF922150D3DE004096E1 /* CarouselViewForDisney.xib in Resources */ = {isa = PBXBuildFile; fileRef = 9918EF902150D3DE004096E1 /* CarouselViewForDisney.xib */; };
		9966543221D380C00026CC8D /* ViewForCarousel.swift in Sources */ = {isa = PBXBuildFile; fileRef = 9966543021D380C00026CC8D /* ViewForCarousel.swift */; };
		9966543521D381360026CC8D /* CarouselCollectionViewCell.swift in Sources */ = {isa = PBXBuildFile; fileRef = 9966543321D381360026CC8D /* CarouselCollectionViewCell.swift */; };
		9966543621D381360026CC8D /* CarouselCollectionViewCell.xib in Resources */ = {isa = PBXBuildFile; fileRef = 9966543421D381360026CC8D /* CarouselCollectionViewCell.xib */; };
		9966543821D382FE0026CC8D /* ViewForCarousel.xib in Resources */ = {isa = PBXBuildFile; fileRef = 9966543721D382FE0026CC8D /* ViewForCarousel.xib */; };
		9966543B21D3C0D70026CC8D /* DisneyButtons.swift in Sources */ = {isa = PBXBuildFile; fileRef = 9966543921D3C0D70026CC8D /* DisneyButtons.swift */; };
		9966543C21D3C0D70026CC8D /* DisneyButtons.xib in Resources */ = {isa = PBXBuildFile; fileRef = 9966543A21D3C0D70026CC8D /* DisneyButtons.xib */; };
		9974D8F9220C63D900E4BF03 /* JioCinema_Splash_Screen.jpg in Resources */ = {isa = PBXBuildFile; fileRef = 9974D8F8220C63D800E4BF03 /* JioCinema_Splash_Screen.jpg */; };
		99BB5DD7220838C3000E73A1 /* metadatabg.png in Resources */ = {isa = PBXBuildFile; fileRef = 99BB5DD6220838B4000E73A1 /* metadatabg.png */; };
		B65E074C1F78E07D00D4FA9E /* CarouselViewButton.swift in Sources */ = {isa = PBXBuildFile; fileRef = B65E07491F78E07D00D4FA9E /* CarouselViewButton.swift */; };
		B65E074D1F78E07D00D4FA9E /* InfinityScrollView.swift in Sources */ = {isa = PBXBuildFile; fileRef = B65E074A1F78E07D00D4FA9E /* InfinityScrollView.swift */; };
		B65E074E1F78E07D00D4FA9E /* kInfinityScrollView.xib in Resources */ = {isa = PBXBuildFile; fileRef = B65E074B1F78E07D00D4FA9E /* kInfinityScrollView.xib */; };
		B65FF5891F6A53C0004EBE6A /* JCKeyboardButton.swift in Sources */ = {isa = PBXBuildFile; fileRef = B65FF5881F6A53C0004EBE6A /* JCKeyboardButton.swift */; };
		B811ED421F56BC4600E55FAD /* Log.swift in Sources */ = {isa = PBXBuildFile; fileRef = B811ED411F56BC4600E55FAD /* Log.swift */; };
		B822EBE01F84CE95002332B4 /* Utility.swift in Sources */ = {isa = PBXBuildFile; fileRef = B822EBDF1F84CE94002332B4 /* Utility.swift */; };
		B8EADF081F9DC90E0069671B /* JCAnalyticsEvent.swift in Sources */ = {isa = PBXBuildFile; fileRef = B8EADF071F9DC90D0069671B /* JCAnalyticsEvent.swift */; };
/* End PBXBuildFile section */

/* Begin PBXContainerItemProxy section */
		19491EE12018522600870794 /* PBXContainerItemProxy */ = {
			isa = PBXContainerItemProxy;
			containerPortal = 7B78D7B61F13A91900F319BF /* Project object */;
			proxyType = 1;
			remoteGlobalIDString = 19491ED92018522600870794;
			remoteInfo = JCTopShelf;
		};
/* End PBXContainerItemProxy section */

/* Begin PBXCopyFilesBuildPhase section */
		19491EE72018522700870794 /* Embed App Extensions */ = {
			isa = PBXCopyFilesBuildPhase;
			buildActionMask = 2147483647;
			dstPath = "";
			dstSubfolderSpec = 13;
			files = (
				19491EE32018522600870794 /* JCTopShelf.appex in Embed App Extensions */,
			);
			name = "Embed App Extensions";
			runOnlyForDeploymentPostprocessing = 0;
		};
/* End PBXCopyFilesBuildPhase section */

/* Begin PBXFileReference section */
		1774B5B2F6E3BB89A0D8147B /* Pods-JioCinema.release.xcconfig */ = {isa = PBXFileReference; includeInIndex = 1; lastKnownFileType = text.xcconfig; name = "Pods-JioCinema.release.xcconfig"; path = "Pods/Target Support Files/Pods-JioCinema/Pods-JioCinema.release.xcconfig"; sourceTree = "<group>"; };
		192A0151217DBE8000E5D08A /* DisneyHomeViewModel.swift */ = {isa = PBXFileReference; lastKnownFileType = sourcecode.swift; path = DisneyHomeViewModel.swift; sourceTree = "<group>"; };
		192A0153217DBEAE00E5D08A /* CommonHomeViewModel.swift */ = {isa = PBXFileReference; lastKnownFileType = sourcecode.swift; path = CommonHomeViewModel.swift; sourceTree = "<group>"; };
		19491EDA2018522600870794 /* JCTopShelf.appex */ = {isa = PBXFileReference; explicitFileType = "wrapper.app-extension"; includeInIndex = 0; path = JCTopShelf.appex; sourceTree = BUILT_PRODUCTS_DIR; };
		19491EDB2018522600870794 /* TVServices.framework */ = {isa = PBXFileReference; lastKnownFileType = wrapper.framework; name = TVServices.framework; path = System/Library/Frameworks/TVServices.framework; sourceTree = SDKROOT; };
		19491EDE2018522600870794 /* ServiceProvider.swift */ = {isa = PBXFileReference; lastKnownFileType = sourcecode.swift; path = ServiceProvider.swift; sourceTree = "<group>"; };
		19491EE02018522600870794 /* Info.plist */ = {isa = PBXFileReference; lastKnownFileType = text.plist.xml; path = Info.plist; sourceTree = "<group>"; };
		19491EE82018528100870794 /* TopShelfModel.swift */ = {isa = PBXFileReference; lastKnownFileType = sourcecode.swift; path = TopShelfModel.swift; sourceTree = "<group>"; };
		194E1EAE20B7F35800C73EBA /* JCSearchRecommendationTableViewCell.swift */ = {isa = PBXFileReference; lastKnownFileType = sourcecode.swift; path = JCSearchRecommendationTableViewCell.swift; sourceTree = "<group>"; };
		194E1EAF20B7F35800C73EBA /* JCSearchRecommendationTableViewCell.xib */ = {isa = PBXFileReference; lastKnownFileType = file.xib; path = JCSearchRecommendationTableViewCell.xib; sourceTree = "<group>"; };
		194E1EB220B8324B00C73EBA /* SearchNavigationController.swift */ = {isa = PBXFileReference; lastKnownFileType = sourcecode.swift; path = SearchNavigationController.swift; sourceTree = "<group>"; };
		196291CB203A9BEB0064927E /* ShowMoreTextbutton.swift */ = {isa = PBXFileReference; lastKnownFileType = sourcecode.swift; path = ShowMoreTextbutton.swift; sourceTree = "<group>"; };
		1966AC58213FC45F00A98404 /* LoginModels.swift */ = {isa = PBXFileReference; fileEncoding = 4; lastKnownFileType = sourcecode.swift; path = LoginModels.swift; sourceTree = "<group>"; };
		1966AC5A213FC54700A98404 /* APIManager+Base.swift */ = {isa = PBXFileReference; fileEncoding = 4; lastKnownFileType = sourcecode.swift; path = "APIManager+Base.swift"; sourceTree = "<group>"; };
		1966AC5C213FC58B00A98404 /* APIManager+Common.swift */ = {isa = PBXFileReference; fileEncoding = 4; lastKnownFileType = sourcecode.swift; path = "APIManager+Common.swift"; sourceTree = "<group>"; };
		1966AC5E213FC5B300A98404 /* APIManager+Search.swift */ = {isa = PBXFileReference; fileEncoding = 4; lastKnownFileType = sourcecode.swift; path = "APIManager+Search.swift"; sourceTree = "<group>"; };
		1966AC60213FDBD800A98404 /* APIManager+LanguageGenre.swift */ = {isa = PBXFileReference; lastKnownFileType = sourcecode.swift; path = "APIManager+LanguageGenre.swift"; sourceTree = "<group>"; };
		1976EDAC1FD7D84D00EA948D /* PlaybackRightsModel.swift */ = {isa = PBXFileReference; lastKnownFileType = sourcecode.swift; path = PlaybackRightsModel.swift; sourceTree = "<group>"; };
		197727B520B6A1DD00D291A9 /* JCTrendingSearchResultViewModel.swift */ = {isa = PBXFileReference; lastKnownFileType = sourcecode.swift; path = JCTrendingSearchResultViewModel.swift; sourceTree = "<group>"; };
		197727B820B6A8C300D291A9 /* JCTrendingSearchTextSuperModel.swift */ = {isa = PBXFileReference; lastKnownFileType = sourcecode.swift; path = JCTrendingSearchTextSuperModel.swift; sourceTree = "<group>"; };
		199DE87421649ACE0052CA54 /* DisneyKids.png */ = {isa = PBXFileReference; lastKnownFileType = image.png; path = DisneyKids.png; sourceTree = "<group>"; };
		199DE87521649ACF0052CA54 /* DisneyMovies.png */ = {isa = PBXFileReference; lastKnownFileType = image.png; path = DisneyMovies.png; sourceTree = "<group>"; };
		199DE87621649ACF0052CA54 /* DisneyTVShow.png */ = {isa = PBXFileReference; lastKnownFileType = image.png; path = DisneyTVShow.png; sourceTree = "<group>"; };
		19B4A62121AFC5F200B13C77 /* MultiAudioManager.swift */ = {isa = PBXFileReference; fileEncoding = 4; lastKnownFileType = sourcecode.swift; path = MultiAudioManager.swift; sourceTree = "<group>"; };
		19BF8A6F214651A6001C58DD /* BaseTableViewCell.swift */ = {isa = PBXFileReference; fileEncoding = 4; lastKnownFileType = sourcecode.swift; path = BaseTableViewCell.swift; sourceTree = "<group>"; };
		19BF8A70214651A6001C58DD /* BaseViewModel.swift */ = {isa = PBXFileReference; fileEncoding = 4; lastKnownFileType = sourcecode.swift; path = BaseViewModel.swift; sourceTree = "<group>"; };
		19BF8A72214651A6001C58DD /* BaseViewController.xib */ = {isa = PBXFileReference; fileEncoding = 4; lastKnownFileType = file.xib; path = BaseViewController.xib; sourceTree = "<group>"; };
		19BF8A73214651A6001C58DD /* BaseViewController.swift */ = {isa = PBXFileReference; fileEncoding = 4; lastKnownFileType = sourcecode.swift; path = BaseViewController.swift; sourceTree = "<group>"; };
		19BF8A7B214657BE001C58DD /* ItemCollectionViewCell.swift */ = {isa = PBXFileReference; fileEncoding = 4; lastKnownFileType = sourcecode.swift; path = ItemCollectionViewCell.swift; sourceTree = "<group>"; };
		19BF8A7C214657BE001C58DD /* ItemCollectionViewCell.xib */ = {isa = PBXFileReference; fileEncoding = 4; lastKnownFileType = file.xib; path = ItemCollectionViewCell.xib; sourceTree = "<group>"; };
		19ED97EE1FD5406F00E43CBE /* CheckVersionModel.swift */ = {isa = PBXFileReference; fileEncoding = 4; lastKnownFileType = sourcecode.swift; path = CheckVersionModel.swift; sourceTree = "<group>"; };
		19ED97EF1FD5406F00E43CBE /* CheckVersionResult.swift */ = {isa = PBXFileReference; fileEncoding = 4; lastKnownFileType = sourcecode.swift; path = CheckVersionResult.swift; sourceTree = "<group>"; };
		19ED97F01FD5406F00E43CBE /* CheckVersionData.swift */ = {isa = PBXFileReference; fileEncoding = 4; lastKnownFileType = sourcecode.swift; path = CheckVersionData.swift; sourceTree = "<group>"; };
		2024C4861F3C38A8003A08C3 /* Terms.png */ = {isa = PBXFileReference; lastKnownFileType = image.png; path = Terms.png; sourceTree = "<group>"; };
		2024C4881F3C9C2D003A08C3 /* ArrowGrey.png */ = {isa = PBXFileReference; lastKnownFileType = image.png; path = ArrowGrey.png; sourceTree = "<group>"; };
		2024C48A1F3C9C34003A08C3 /* ArrowPink.png */ = {isa = PBXFileReference; lastKnownFileType = image.png; path = ArrowPink.png; sourceTree = "<group>"; };
		2025F44C1F3AEE3C00C3B609 /* JCSettingsVC.swift */ = {isa = PBXFileReference; fileEncoding = 4; lastKnownFileType = sourcecode.swift; path = JCSettingsVC.swift; sourceTree = "<group>"; };
		2025F44E1F3AF58300C3B609 /* JCSettingsTableViewCell.swift */ = {isa = PBXFileReference; fileEncoding = 4; lastKnownFileType = sourcecode.swift; path = JCSettingsTableViewCell.swift; sourceTree = "<group>"; };
		2025F44F1F3AF58300C3B609 /* JCSettingsTableViewCell.xib */ = {isa = PBXFileReference; fileEncoding = 4; lastKnownFileType = file.xib; path = JCSettingsTableViewCell.xib; sourceTree = "<group>"; };
		2025F4521F3B44DB00C3B609 /* JCSettingsDetailVC.swift */ = {isa = PBXFileReference; fileEncoding = 4; lastKnownFileType = sourcecode.swift; path = JCSettingsDetailVC.swift; sourceTree = "<group>"; };
		2025F4541F3B513100C3B609 /* Autoplay.png */ = {isa = PBXFileReference; lastKnownFileType = image.png; path = Autoplay.png; sourceTree = "<group>"; };
		2025F4561F3B513A00C3B609 /* FAQ.png */ = {isa = PBXFileReference; lastKnownFileType = image.png; path = FAQ.png; sourceTree = "<group>"; };
		2025F4581F3B51B700C3B609 /* Feedback.png */ = {isa = PBXFileReference; lastKnownFileType = image.png; path = Feedback.png; sourceTree = "<group>"; };
		2025F45A1F3B51BF00C3B609 /* Logout.png */ = {isa = PBXFileReference; lastKnownFileType = image.png; path = Logout.png; sourceTree = "<group>"; };
		2025F45C1F3B51C700C3B609 /* MyAccount.png */ = {isa = PBXFileReference; lastKnownFileType = image.png; path = MyAccount.png; sourceTree = "<group>"; };
		2025F45E1F3B51CE00C3B609 /* PrivacyPolicy.png */ = {isa = PBXFileReference; lastKnownFileType = image.png; path = PrivacyPolicy.png; sourceTree = "<group>"; };
		2025F4621F3B51D800C3B609 /* Version.png */ = {isa = PBXFileReference; lastKnownFileType = image.png; path = Version.png; sourceTree = "<group>"; };
		203C40A91F4EE80300D91108 /* JCResumeWatchingVC.swift */ = {isa = PBXFileReference; fileEncoding = 4; lastKnownFileType = sourcecode.swift; path = JCResumeWatchingVC.swift; sourceTree = "<group>"; };
		205C0E5E1F3DCEE1004965A9 /* Settings.png */ = {isa = PBXFileReference; lastKnownFileType = image.png; path = Settings.png; sourceTree = "<group>"; };
		44B33E3BBFC27C9E1E591B9B /* Pods_JioCinema.framework */ = {isa = PBXFileReference; explicitFileType = wrapper.framework; includeInIndex = 0; path = Pods_JioCinema.framework; sourceTree = BUILT_PRODUCTS_DIR; };
		530C0E1821B8F8E40029C4D8 /* SideNavigationTableCell.swift */ = {isa = PBXFileReference; lastKnownFileType = sourcecode.swift; path = SideNavigationTableCell.swift; sourceTree = "<group>"; };
		533F701F211C7609003EA167 /* JCBaseTableViewFooterView.swift */ = {isa = PBXFileReference; fileEncoding = 4; lastKnownFileType = sourcecode.swift; path = JCBaseTableViewFooterView.swift; sourceTree = "<group>"; };
		533F7023211C78DD003EA167 /* JCBaseTableViewFooterView.xib */ = {isa = PBXFileReference; lastKnownFileType = file.xib; path = JCBaseTableViewFooterView.xib; sourceTree = "<group>"; };
		535E5A5421259A9200C375BD /* Utility+ActivityIndicator.swift */ = {isa = PBXFileReference; lastKnownFileType = sourcecode.swift; path = "Utility+ActivityIndicator.swift"; sourceTree = "<group>"; };
		5360F84820C11EE600F9FC25 /* JCSearchViewController.swift */ = {isa = PBXFileReference; fileEncoding = 4; lastKnownFileType = sourcecode.swift; path = JCSearchViewController.swift; sourceTree = "<group>"; };
		539618E021219B1500B576BF /* ParentalControlVC.swift */ = {isa = PBXFileReference; lastKnownFileType = sourcecode.swift; path = ParentalControlVC.swift; sourceTree = "<group>"; };
		539618E121219B1500B576BF /* ParentalControlVC.xib */ = {isa = PBXFileReference; lastKnownFileType = file.xib; path = ParentalControlVC.xib; sourceTree = "<group>"; };
		539618E921219BD900B576BF /* SetParentalPinView.xib */ = {isa = PBXFileReference; fileEncoding = 4; lastKnownFileType = file.xib; path = SetParentalPinView.xib; sourceTree = "<group>"; };
		539618EC2121A05200B576BF /* SetParentalViewModel.swift */ = {isa = PBXFileReference; lastKnownFileType = sourcecode.swift; path = SetParentalViewModel.swift; sourceTree = "<group>"; };
		539618EE2121A0F300B576BF /* EnterPinViewModel.swift */ = {isa = PBXFileReference; lastKnownFileType = sourcecode.swift; path = EnterPinViewModel.swift; sourceTree = "<group>"; };
		539618F02121A41E00B576BF /* EnterParentalPinView.swift */ = {isa = PBXFileReference; fileEncoding = 4; lastKnownFileType = sourcecode.swift; path = EnterParentalPinView.swift; sourceTree = "<group>"; };
		539618F12121A41F00B576BF /* EnterParentalPinView.xib */ = {isa = PBXFileReference; fileEncoding = 4; lastKnownFileType = file.xib; path = EnterParentalPinView.xib; sourceTree = "<group>"; };
		539618F82122B80600B576BF /* SetParentalPinView.swift */ = {isa = PBXFileReference; fileEncoding = 4; lastKnownFileType = sourcecode.swift; path = SetParentalPinView.swift; sourceTree = "<group>"; };
		539AB2582122C4CB0003FF84 /* ParentalPinModel.swift */ = {isa = PBXFileReference; lastKnownFileType = sourcecode.swift; path = ParentalPinModel.swift; sourceTree = "<group>"; };
		539AB25A2122E2760003FF84 /* ParentalPinManager.swift */ = {isa = PBXFileReference; lastKnownFileType = sourcecode.swift; path = ParentalPinManager.swift; sourceTree = "<group>"; };
		539FC8B42126F53D0070D306 /* ParentalControlSetting.png */ = {isa = PBXFileReference; lastKnownFileType = image.png; path = ParentalControlSetting.png; sourceTree = "<group>"; };
		53A70E3C220454A900C48814 /* SideNavigationTableCell.xib */ = {isa = PBXFileReference; fileEncoding = 4; lastKnownFileType = file.xib; path = SideNavigationTableCell.xib; sourceTree = "<group>"; };
		53AD5F2220BD1E7B005D6820 /* AutoplayButton.swift */ = {isa = PBXFileReference; lastKnownFileType = sourcecode.swift; path = AutoplayButton.swift; sourceTree = "<group>"; };
		53D1E2E521B7B881003BD5C1 /* SideNavigationVC.swift */ = {isa = PBXFileReference; lastKnownFileType = sourcecode.swift; path = SideNavigationVC.swift; sourceTree = "<group>"; };
		53D1E2E621B7B881003BD5C1 /* SideNavigationVC.xib */ = {isa = PBXFileReference; lastKnownFileType = file.xib; path = SideNavigationVC.xib; sourceTree = "<group>"; };
		53D1E2F321B7ED67003BD5C1 /* SideNavigationTableView.xib */ = {isa = PBXFileReference; lastKnownFileType = file.xib; path = SideNavigationTableView.xib; sourceTree = "<group>"; };
		53D1E2F721B7F1B4003BD5C1 /* SideNavigationTableView.swift */ = {isa = PBXFileReference; lastKnownFileType = sourcecode.swift; path = SideNavigationTableView.swift; sourceTree = "<group>"; };
		53DDCB1F21BF90F9004F0A6A /* AutoScrollLabel.swift */ = {isa = PBXFileReference; lastKnownFileType = sourcecode.swift; path = AutoScrollLabel.swift; sourceTree = "<group>"; };
		53F16C50215AB25F0052BE0A /* BaseTableViewCell.xib */ = {isa = PBXFileReference; lastKnownFileType = file.xib; path = BaseTableViewCell.xib; sourceTree = "<group>"; };
		58F9747714A2216C06A7A868 /* Pods-JioCinema.debug.xcconfig */ = {isa = PBXFileReference; includeInIndex = 1; lastKnownFileType = text.xcconfig; name = "Pods-JioCinema.debug.xcconfig"; path = "Pods/Target Support Files/Pods-JioCinema/Pods-JioCinema.debug.xcconfig"; sourceTree = "<group>"; };
		797880F81F4ECB390032943E /* JCSearchResultViewController.swift */ = {isa = PBXFileReference; fileEncoding = 4; lastKnownFileType = sourcecode.swift; path = JCSearchResultViewController.swift; sourceTree = "<group>"; };
		797880FA1F4ECB810032943E /* SearchDataStore.swift */ = {isa = PBXFileReference; fileEncoding = 4; lastKnownFileType = sourcecode.swift; path = SearchDataStore.swift; sourceTree = "<group>"; };
		7B072E741F2CBFB900C67E97 /* JCMusicVC.swift */ = {isa = PBXFileReference; fileEncoding = 4; lastKnownFileType = sourcecode.swift; path = JCMusicVC.swift; sourceTree = "<group>"; };
		7B0979231F27884C00B47E68 /* RJILImageDownloader.swift */ = {isa = PBXFileReference; fileEncoding = 4; lastKnownFileType = sourcecode.swift; path = RJILImageDownloader.swift; sourceTree = "<group>"; };
		7B1084FD1F54270F008BC7E9 /* JCResumeWatchCell.swift */ = {isa = PBXFileReference; fileEncoding = 4; lastKnownFileType = sourcecode.swift; path = JCResumeWatchCell.swift; sourceTree = "<group>"; };
		7B1084FE1F54270F008BC7E9 /* JCResumeWatchCell.xib */ = {isa = PBXFileReference; fileEncoding = 4; lastKnownFileType = file.xib; path = JCResumeWatchCell.xib; sourceTree = "<group>"; };
		7B1CF54A1F1C9A05001C2B1D /* JCOTPVC.swift */ = {isa = PBXFileReference; fileEncoding = 4; lastKnownFileType = sourcecode.swift; path = JCOTPVC.swift; sourceTree = "<group>"; };
		7B3A43F81F4424F900EE3824 /* imdb_logo.png */ = {isa = PBXFileReference; lastKnownFileType = image.png; path = imdb_logo.png; sourceTree = "<group>"; };
		7B545E7F1F7A604C007C5004 /* JCAnalyticsManager.swift */ = {isa = PBXFileReference; fileEncoding = 4; lastKnownFileType = sourcecode.swift; path = JCAnalyticsManager.swift; sourceTree = "<group>"; };
		7B61D4F11F7526CC001B081D /* JCArtistImageCell.swift */ = {isa = PBXFileReference; fileEncoding = 4; lastKnownFileType = sourcecode.swift; path = JCArtistImageCell.swift; sourceTree = "<group>"; };
		7B61D4F21F7526CC001B081D /* JCArtistImageCell.xib */ = {isa = PBXFileReference; fileEncoding = 4; lastKnownFileType = file.xib; path = JCArtistImageCell.xib; sourceTree = "<group>"; };
		7B6533001F2FB84C004D55B8 /* JCMetadataVC.swift */ = {isa = PBXFileReference; fileEncoding = 4; lastKnownFileType = sourcecode.swift; path = JCMetadataVC.swift; sourceTree = "<group>"; };
		7B6737121F5975920019610E /* JCLanguageGenreDetailModel.swift */ = {isa = PBXFileReference; fileEncoding = 4; lastKnownFileType = sourcecode.swift; path = JCLanguageGenreDetailModel.swift; sourceTree = "<group>"; };
		7B78D7BE1F13A91900F319BF /* JioCinema.app */ = {isa = PBXFileReference; explicitFileType = wrapper.application; includeInIndex = 0; path = JioCinema.app; sourceTree = BUILT_PRODUCTS_DIR; };
		7B78D7C11F13A91900F319BF /* AppDelegate.swift */ = {isa = PBXFileReference; lastKnownFileType = sourcecode.swift; path = AppDelegate.swift; sourceTree = "<group>"; };
		7B78D7C61F13A91900F319BF /* Base */ = {isa = PBXFileReference; lastKnownFileType = file.storyboard; name = Base; path = Base.lproj/Main.storyboard; sourceTree = "<group>"; };
		7B78D7C81F13A91A00F319BF /* Assets.xcassets */ = {isa = PBXFileReference; lastKnownFileType = folder.assetcatalog; path = Assets.xcassets; sourceTree = "<group>"; };
		7B78D7CA1F13A91A00F319BF /* Info.plist */ = {isa = PBXFileReference; lastKnownFileType = text.plist.xml; path = Info.plist; sourceTree = "<group>"; };
		7B78D7D11F13B92900F319BF /* RJILApiManager.swift */ = {isa = PBXFileReference; fileEncoding = 4; lastKnownFileType = sourcecode.swift; path = RJILApiManager.swift; sourceTree = "<group>"; };
		7B78D7D21F13B92900F319BF /* RJILPendingTask.swift */ = {isa = PBXFileReference; fileEncoding = 4; lastKnownFileType = sourcecode.swift; path = RJILPendingTask.swift; sourceTree = "<group>"; };
		7B78D7D61F13BE7800F319BF /* JCAppConstants.swift */ = {isa = PBXFileReference; fileEncoding = 4; lastKnownFileType = sourcecode.swift; path = JCAppConstants.swift; sourceTree = "<group>"; };
		7B78D7D91F140DA100F319BF /* JCConfigData.swift */ = {isa = PBXFileReference; fileEncoding = 4; lastKnownFileType = sourcecode.swift; path = JCConfigData.swift; sourceTree = "<group>"; };
		7B78D7DB1F14752400F319BF /* JCDataStore.swift */ = {isa = PBXFileReference; fileEncoding = 4; lastKnownFileType = sourcecode.swift; path = JCDataStore.swift; sourceTree = "<group>"; };
		7B7D0E7C1F5BF630004BF3F1 /* JCLanguageGenreSelectionVC.swift */ = {isa = PBXFileReference; fileEncoding = 4; lastKnownFileType = sourcecode.swift; path = JCLanguageGenreSelectionVC.swift; sourceTree = "<group>"; };
		7BA1C6E81F2F0715002AB966 /* JCLoginManager.swift */ = {isa = PBXFileReference; fileEncoding = 4; lastKnownFileType = sourcecode.swift; path = JCLoginManager.swift; sourceTree = "<group>"; };
		7BABC1CE1F4B126B00B4B1AA /* JCSeasonCollectionViewCell.swift */ = {isa = PBXFileReference; fileEncoding = 4; lastKnownFileType = sourcecode.swift; path = JCSeasonCollectionViewCell.swift; sourceTree = "<group>"; };
		7BABC1CF1F4B126B00B4B1AA /* JCSeasonCollectionViewCell.xib */ = {isa = PBXFileReference; fileEncoding = 4; lastKnownFileType = file.xib; path = JCSeasonCollectionViewCell.xib; sourceTree = "<group>"; };
		7BAE8D231F58487C00399F4D /* JCLanguageGenreVC.swift */ = {isa = PBXFileReference; fileEncoding = 4; lastKnownFileType = sourcecode.swift; path = JCLanguageGenreVC.swift; sourceTree = "<group>"; };
		7BB0E1FF1F1DECE600A1DB0B /* JCBaseVC.swift */ = {isa = PBXFileReference; fileEncoding = 4; lastKnownFileType = sourcecode.swift; path = JCBaseVC.swift; sourceTree = "<group>"; };
		7BB0E2001F1DECE600A1DB0B /* JCBaseVC.xib */ = {isa = PBXFileReference; fileEncoding = 4; lastKnownFileType = file.xib; path = JCBaseVC.xib; sourceTree = "<group>"; };
		7BB0E2041F1DEE9800A1DB0B /* JCBaseTableViewCell.swift */ = {isa = PBXFileReference; fileEncoding = 4; lastKnownFileType = sourcecode.swift; path = JCBaseTableViewCell.swift; sourceTree = "<group>"; };
		7BB0E2051F1DEE9800A1DB0B /* JCBaseTableViewCell.xib */ = {isa = PBXFileReference; fileEncoding = 4; lastKnownFileType = file.xib; path = JCBaseTableViewCell.xib; sourceTree = "<group>"; };
		7BB0E2081F1DF52500A1DB0B /* JCMoviesVC.swift */ = {isa = PBXFileReference; fileEncoding = 4; lastKnownFileType = sourcecode.swift; path = JCMoviesVC.swift; sourceTree = "<group>"; };
		7BB0E20A1F1DF65900A1DB0B /* JCTabBarController.swift */ = {isa = PBXFileReference; fileEncoding = 4; lastKnownFileType = sourcecode.swift; path = JCTabBarController.swift; sourceTree = "<group>"; };
		7BB0E20C1F1DFF8E00A1DB0B /* JCCarouselCell.swift */ = {isa = PBXFileReference; fileEncoding = 4; lastKnownFileType = sourcecode.swift; path = JCCarouselCell.swift; sourceTree = "<group>"; };
		7BB0E20D1F1DFF8E00A1DB0B /* JCCarouselCell.xib */ = {isa = PBXFileReference; fileEncoding = 4; lastKnownFileType = file.xib; path = JCCarouselCell.xib; sourceTree = "<group>"; };
		7BB0E2101F1E283B00A1DB0B /* JCBaseDataModel.swift */ = {isa = PBXFileReference; fileEncoding = 4; lastKnownFileType = sourcecode.swift; path = JCBaseDataModel.swift; sourceTree = "<group>"; };
		7BB86E751F4C1C4700610436 /* JCYearCell.swift */ = {isa = PBXFileReference; fileEncoding = 4; lastKnownFileType = sourcecode.swift; path = JCYearCell.swift; sourceTree = "<group>"; };
		7BB86E761F4C1C4700610436 /* JCYearCell.xib */ = {isa = PBXFileReference; fileEncoding = 4; lastKnownFileType = file.xib; path = JCYearCell.xib; sourceTree = "<group>"; };
		7BB86E791F4C1FAD00610436 /* JCMonthCell.swift */ = {isa = PBXFileReference; fileEncoding = 4; lastKnownFileType = sourcecode.swift; path = JCMonthCell.swift; sourceTree = "<group>"; };
		7BB86E7A1F4C1FAD00610436 /* JCMonthCell.xib */ = {isa = PBXFileReference; fileEncoding = 4; lastKnownFileType = file.xib; path = JCMonthCell.xib; sourceTree = "<group>"; };
		7BC1E7151F33044700D08E83 /* JioCinema-SplashScreen.png */ = {isa = PBXFileReference; lastKnownFileType = image.png; path = "JioCinema-SplashScreen.png"; sourceTree = "<group>"; };
		7BD39C8D1F419CD40014255C /* JCMetadataModel.swift */ = {isa = PBXFileReference; fileEncoding = 4; lastKnownFileType = sourcecode.swift; path = JCMetadataModel.swift; sourceTree = "<group>"; };
		7BD39C8F1F419CE30014255C /* MetadataHeaderView.swift */ = {isa = PBXFileReference; fileEncoding = 4; lastKnownFileType = sourcecode.swift; path = MetadataHeaderView.swift; sourceTree = "<group>"; };
		7BD39C911F419CE90014255C /* kMetadataHeaderView.xib */ = {isa = PBXFileReference; fileEncoding = 4; lastKnownFileType = file.xib; path = kMetadataHeaderView.xib; sourceTree = "<group>"; };
		7BD39C941F419D150014255C /* JioCinema-Bridging-Header.h */ = {isa = PBXFileReference; lastKnownFileType = sourcecode.c.h; path = "JioCinema-Bridging-Header.h"; sourceTree = "<group>"; };
		7BD39C951F419E110014255C /* JCMetadataButton.swift */ = {isa = PBXFileReference; fileEncoding = 4; lastKnownFileType = sourcecode.swift; path = JCMetadataButton.swift; sourceTree = "<group>"; };
		7BD39C971F419F470014255C /* AddtoWatchlist.png */ = {isa = PBXFileReference; lastKnownFileType = image.png; path = AddtoWatchlist.png; sourceTree = "<group>"; };
		7BD39C981F419F470014255C /* WatchNow.png */ = {isa = PBXFileReference; lastKnownFileType = image.png; path = WatchNow.png; sourceTree = "<group>"; };
		7BE0EA4E1F30694100151D23 /* JCTVVC.swift */ = {isa = PBXFileReference; fileEncoding = 4; lastKnownFileType = sourcecode.swift; path = JCTVVC.swift; sourceTree = "<group>"; };
		7BE0EA501F30695700151D23 /* JCClipsVC.swift */ = {isa = PBXFileReference; fileEncoding = 4; lastKnownFileType = sourcecode.swift; path = JCClipsVC.swift; sourceTree = "<group>"; };
		7BE0EA541F30993B00151D23 /* JCPlayerVC.swift */ = {isa = PBXFileReference; fileEncoding = 4; lastKnownFileType = sourcecode.swift; path = JCPlayerVC.swift; sourceTree = "<group>"; };
		7BFE51361F29BD4500C901C7 /* JCBaseTableViewHeaderCell.swift */ = {isa = PBXFileReference; fileEncoding = 4; lastKnownFileType = sourcecode.swift; path = JCBaseTableViewHeaderCell.swift; sourceTree = "<group>"; };
		7BFE51371F29BD4500C901C7 /* JCBaseTableViewHeaderCell.xib */ = {isa = PBXFileReference; fileEncoding = 4; lastKnownFileType = file.xib; path = JCBaseTableViewHeaderCell.xib; sourceTree = "<group>"; };
		7BFE51401F29F47100C901C7 /* JCItemCell.swift */ = {isa = PBXFileReference; fileEncoding = 4; lastKnownFileType = sourcecode.swift; path = JCItemCell.swift; sourceTree = "<group>"; };
		7BFE51411F29F47100C901C7 /* JCItemCell.xib */ = {isa = PBXFileReference; fileEncoding = 4; lastKnownFileType = file.xib; path = JCItemCell.xib; sourceTree = "<group>"; };
		7BFEC4A51F154223001DFE6D /* JCAppUser.swift */ = {isa = PBXFileReference; fileEncoding = 4; lastKnownFileType = sourcecode.swift; path = JCAppUser.swift; sourceTree = "<group>"; };
		7BFEC4AA1F154C42001DFE6D /* JCSplashVC.swift */ = {isa = PBXFileReference; fileEncoding = 4; lastKnownFileType = sourcecode.swift; path = JCSplashVC.swift; sourceTree = "<group>"; };
		7BFEC4B91F15C01A001DFE6D /* JCLoginVC.swift */ = {isa = PBXFileReference; fileEncoding = 4; lastKnownFileType = sourcecode.swift; path = JCLoginVC.swift; sourceTree = "<group>"; };
		7BFEC4BB1F15C647001DFE6D /* JCHomeVC.swift */ = {isa = PBXFileReference; fileEncoding = 4; lastKnownFileType = sourcecode.swift; path = JCHomeVC.swift; sourceTree = "<group>"; };
		7BFEC4C21F174ACA001DFE6D /* JCButton.swift */ = {isa = PBXFileReference; fileEncoding = 4; lastKnownFileType = sourcecode.swift; path = JCButton.swift; sourceTree = "<group>"; };
		7BFEC4C41F177EAA001DFE6D /* JCTextField.swift */ = {isa = PBXFileReference; fileEncoding = 4; lastKnownFileType = sourcecode.swift; path = JCTextField.swift; sourceTree = "<group>"; };
		7BFEC4C61F1782DC001DFE6D /* JCPasswordField.swift */ = {isa = PBXFileReference; fileEncoding = 4; lastKnownFileType = sourcecode.swift; path = JCPasswordField.swift; sourceTree = "<group>"; };
		7BFEC4CA1F178C40001DFE6D /* JCSignInOptionsVC.swift */ = {isa = PBXFileReference; fileEncoding = 4; lastKnownFileType = sourcecode.swift; path = JCSignInOptionsVC.swift; sourceTree = "<group>"; };
		847BC04B2201D19900FB5B2A /* JioType-MediumItalic.ttf */ = {isa = PBXFileReference; lastKnownFileType = file; path = "JioType-MediumItalic.ttf"; sourceTree = "<group>"; };
		847BC04C2201D19900FB5B2A /* JioType-Light.ttf */ = {isa = PBXFileReference; lastKnownFileType = file; path = "JioType-Light.ttf"; sourceTree = "<group>"; };
		847BC04D2201D19900FB5B2A /* JioType-Medium.ttf */ = {isa = PBXFileReference; lastKnownFileType = file; path = "JioType-Medium.ttf"; sourceTree = "<group>"; };
		847BC04E2201D19900FB5B2A /* JioType-Bold.ttf */ = {isa = PBXFileReference; lastKnownFileType = file; path = "JioType-Bold.ttf"; sourceTree = "<group>"; };
		847BC04F2201D19A00FB5B2A /* JioType-Black.ttf */ = {isa = PBXFileReference; lastKnownFileType = file; path = "JioType-Black.ttf"; sourceTree = "<group>"; };
		847BC0502201D19A00FB5B2A /* JioType-LightItalic.ttf */ = {isa = PBXFileReference; lastKnownFileType = file; path = "JioType-LightItalic.ttf"; sourceTree = "<group>"; };
		9918EF89214F8011004096E1 /* DisneyButtonsTableViewCell.swift */ = {isa = PBXFileReference; fileEncoding = 4; lastKnownFileType = sourcecode.swift; path = DisneyButtonsTableViewCell.swift; sourceTree = "<group>"; };
		9918EF8A214F8012004096E1 /* DisneyButtonsTableViewCell.xib */ = {isa = PBXFileReference; fileEncoding = 4; lastKnownFileType = file.xib; path = DisneyButtonsTableViewCell.xib; sourceTree = "<group>"; };
		9918EF8F2150D3DD004096E1 /* CarouselViewForDisney.swift */ = {isa = PBXFileReference; fileEncoding = 4; lastKnownFileType = sourcecode.swift; path = CarouselViewForDisney.swift; sourceTree = "<group>"; };
		9918EF902150D3DE004096E1 /* CarouselViewForDisney.xib */ = {isa = PBXFileReference; fileEncoding = 4; lastKnownFileType = file.xib; path = CarouselViewForDisney.xib; sourceTree = "<group>"; };
		9966543021D380C00026CC8D /* ViewForCarousel.swift */ = {isa = PBXFileReference; fileEncoding = 4; lastKnownFileType = sourcecode.swift; path = ViewForCarousel.swift; sourceTree = "<group>"; };
		9966543321D381360026CC8D /* CarouselCollectionViewCell.swift */ = {isa = PBXFileReference; lastKnownFileType = sourcecode.swift; path = CarouselCollectionViewCell.swift; sourceTree = "<group>"; };
		9966543421D381360026CC8D /* CarouselCollectionViewCell.xib */ = {isa = PBXFileReference; lastKnownFileType = file.xib; path = CarouselCollectionViewCell.xib; sourceTree = "<group>"; };
		9966543721D382FE0026CC8D /* ViewForCarousel.xib */ = {isa = PBXFileReference; lastKnownFileType = file.xib; path = ViewForCarousel.xib; sourceTree = "<group>"; };
		9966543921D3C0D70026CC8D /* DisneyButtons.swift */ = {isa = PBXFileReference; fileEncoding = 4; lastKnownFileType = sourcecode.swift; path = DisneyButtons.swift; sourceTree = "<group>"; };
		9966543A21D3C0D70026CC8D /* DisneyButtons.xib */ = {isa = PBXFileReference; fileEncoding = 4; lastKnownFileType = file.xib; path = DisneyButtons.xib; sourceTree = "<group>"; };
		9974D8F8220C63D800E4BF03 /* JioCinema_Splash_Screen.jpg */ = {isa = PBXFileReference; lastKnownFileType = image.jpeg; path = JioCinema_Splash_Screen.jpg; sourceTree = "<group>"; };
		99BB5DD6220838B4000E73A1 /* metadatabg.png */ = {isa = PBXFileReference; lastKnownFileType = image.png; path = metadatabg.png; sourceTree = "<group>"; };
		B65E07491F78E07D00D4FA9E /* CarouselViewButton.swift */ = {isa = PBXFileReference; fileEncoding = 4; lastKnownFileType = sourcecode.swift; path = CarouselViewButton.swift; sourceTree = "<group>"; };
		B65E074A1F78E07D00D4FA9E /* InfinityScrollView.swift */ = {isa = PBXFileReference; fileEncoding = 4; lastKnownFileType = sourcecode.swift; path = InfinityScrollView.swift; sourceTree = "<group>"; };
		B65E074B1F78E07D00D4FA9E /* kInfinityScrollView.xib */ = {isa = PBXFileReference; fileEncoding = 4; lastKnownFileType = file.xib; path = kInfinityScrollView.xib; sourceTree = "<group>"; };
		B65FF5881F6A53C0004EBE6A /* JCKeyboardButton.swift */ = {isa = PBXFileReference; fileEncoding = 4; lastKnownFileType = sourcecode.swift; path = JCKeyboardButton.swift; sourceTree = "<group>"; };
		B811ED411F56BC4600E55FAD /* Log.swift */ = {isa = PBXFileReference; fileEncoding = 4; lastKnownFileType = sourcecode.swift; path = Log.swift; sourceTree = "<group>"; };
		B822EBDF1F84CE94002332B4 /* Utility.swift */ = {isa = PBXFileReference; lastKnownFileType = sourcecode.swift; path = Utility.swift; sourceTree = "<group>"; };
		B8EADF071F9DC90D0069671B /* JCAnalyticsEvent.swift */ = {isa = PBXFileReference; lastKnownFileType = sourcecode.swift; path = JCAnalyticsEvent.swift; sourceTree = "<group>"; };
/* End PBXFileReference section */

/* Begin PBXFrameworksBuildPhase section */
		19491ED72018522600870794 /* Frameworks */ = {
			isa = PBXFrameworksBuildPhase;
			buildActionMask = 2147483647;
			files = (
				19491EDC2018522600870794 /* TVServices.framework in Frameworks */,
			);
			runOnlyForDeploymentPostprocessing = 0;
		};
		7B78D7BB1F13A91900F319BF /* Frameworks */ = {
			isa = PBXFrameworksBuildPhase;
			buildActionMask = 2147483647;
			files = (
				00777FFE02D94AB75D595079 /* Pods_JioCinema.framework in Frameworks */,
			);
			runOnlyForDeploymentPostprocessing = 0;
		};
/* End PBXFrameworksBuildPhase section */

/* Begin PBXGroup section */
		19491EDD2018522600870794 /* JCTopShelf */ = {
			isa = PBXGroup;
			children = (
				19491EDE2018522600870794 /* ServiceProvider.swift */,
				19491EE82018528100870794 /* TopShelfModel.swift */,
				19491EE02018522600870794 /* Info.plist */,
			);
			path = JCTopShelf;
			sourceTree = "<group>";
		};
		197727B720B6A82B00D291A9 /* JCTRendingSearchTextsModel */ = {
			isa = PBXGroup;
			children = (
				197727B820B6A8C300D291A9 /* JCTrendingSearchTextSuperModel.swift */,
			);
			name = JCTRendingSearchTextsModel;
			sourceTree = "<group>";
		};
		198E48711FCBD580006EEA27 /* Search */ = {
			isa = PBXGroup;
			children = (
				5360F84820C11EE600F9FC25 /* JCSearchViewController.swift */,
				797880F81F4ECB390032943E /* JCSearchResultViewController.swift */,
				797880FA1F4ECB810032943E /* SearchDataStore.swift */,
				197727B520B6A1DD00D291A9 /* JCTrendingSearchResultViewModel.swift */,
				194E1EB220B8324B00C73EBA /* SearchNavigationController.swift */,
			);
			name = Search;
			sourceTree = "<group>";
		};
		19BF8A7A214651C8001C58DD /* BaseScene */ = {
			isa = PBXGroup;
			children = (
				19BF8A7B214657BE001C58DD /* ItemCollectionViewCell.swift */,
				19BF8A7C214657BE001C58DD /* ItemCollectionViewCell.xib */,
				19BF8A6F214651A6001C58DD /* BaseTableViewCell.swift */,
				19BF8A73214651A6001C58DD /* BaseViewController.swift */,
				19BF8A72214651A6001C58DD /* BaseViewController.xib */,
				19BF8A70214651A6001C58DD /* BaseViewModel.swift */,
				53F16C50215AB25F0052BE0A /* BaseTableViewCell.xib */,
				192A0151217DBE8000E5D08A /* DisneyHomeViewModel.swift */,
				192A0153217DBEAE00E5D08A /* CommonHomeViewModel.swift */,
			);
			name = BaseScene;
			path = "New Group";
			sourceTree = "<group>";
		};
		19ED97ED1FD5405800E43CBE /* VersionModel */ = {
			isa = PBXGroup;
			children = (
				19ED97F01FD5406F00E43CBE /* CheckVersionData.swift */,
				19ED97EE1FD5406F00E43CBE /* CheckVersionModel.swift */,
				19ED97EF1FD5406F00E43CBE /* CheckVersionResult.swift */,
			);
			name = VersionModel;
			sourceTree = "<group>";
		};
		539618DF21219AE600B576BF /* ParentalControlScene */ = {
			isa = PBXGroup;
			children = (
				539AB25C2122E6910003FF84 /* ViewModel */,
				539AB2572122C4A80003FF84 /* ParentalModel */,
				539618F82122B80600B576BF /* SetParentalPinView.swift */,
				539618F02121A41E00B576BF /* EnterParentalPinView.swift */,
				539618F12121A41F00B576BF /* EnterParentalPinView.xib */,
				539618E921219BD900B576BF /* SetParentalPinView.xib */,
				539618E021219B1500B576BF /* ParentalControlVC.swift */,
				539618E121219B1500B576BF /* ParentalControlVC.xib */,
				539AB25A2122E2760003FF84 /* ParentalPinManager.swift */,
			);
			path = ParentalControlScene;
			sourceTree = "<group>";
		};
		539AB2572122C4A80003FF84 /* ParentalModel */ = {
			isa = PBXGroup;
			children = (
				539AB2582122C4CB0003FF84 /* ParentalPinModel.swift */,
			);
			path = ParentalModel;
			sourceTree = "<group>";
		};
		539AB25C2122E6910003FF84 /* ViewModel */ = {
			isa = PBXGroup;
			children = (
				539618EC2121A05200B576BF /* SetParentalViewModel.swift */,
				539618EE2121A0F300B576BF /* EnterPinViewModel.swift */,
			);
			path = ViewModel;
			sourceTree = "<group>";
		};
		53D1E2E421B7B836003BD5C1 /* SideNavigationScene */ = {
			isa = PBXGroup;
			children = (
				53A70E3C220454A900C48814 /* SideNavigationTableCell.xib */,
				53D1E2E521B7B881003BD5C1 /* SideNavigationVC.swift */,
				53D1E2E621B7B881003BD5C1 /* SideNavigationVC.xib */,
				53D1E2F321B7ED67003BD5C1 /* SideNavigationTableView.xib */,
				53D1E2F721B7F1B4003BD5C1 /* SideNavigationTableView.swift */,
				530C0E1821B8F8E40029C4D8 /* SideNavigationTableCell.swift */,
			);
			path = SideNavigationScene;
			sourceTree = "<group>";
		};
		7B78D7B51F13A91900F319BF = {
			isa = PBXGroup;
			children = (
				847BC04A2201D18900FB5B2A /* Fonts */,
				7BD39C931F419CFA0014255C /* BridgningHeader */,
				7B78D7C01F13A91900F319BF /* JioCinema */,
				19491EDD2018522600870794 /* JCTopShelf */,
				7B78D7BF1F13A91900F319BF /* Products */,
				B28F13A3B3AA96161C298489 /* Pods */,
				991FCC032C29485454E4C5A0 /* Frameworks */,
			);
			sourceTree = "<group>";
		};
		7B78D7BF1F13A91900F319BF /* Products */ = {
			isa = PBXGroup;
			children = (
				7B78D7BE1F13A91900F319BF /* JioCinema.app */,
				19491EDA2018522600870794 /* JCTopShelf.appex */,
			);
			name = Products;
			sourceTree = "<group>";
		};
		7B78D7C01F13A91900F319BF /* JioCinema */ = {
			isa = PBXGroup;
			children = (
				53D1E2E421B7B836003BD5C1 /* SideNavigationScene */,
				19B4A62121AFC5F200B13C77 /* MultiAudioManager.swift */,
				19BF8A7A214651C8001C58DD /* BaseScene */,
				539618DF21219AE600B576BF /* ParentalControlScene */,
				B8EADF041F9DC42C0069671B /* Analytics */,
				7BA1C6E71F2F0702002AB966 /* Common */,
				7BB0E2031F1DEE6100A1DB0B /* CustomCells */,
				7BFEC4C11F174A84001DFE6D /* CustomComponents */,
				7BFEC4AC1F154C9B001DFE6D /* Images */,
				7BFEC4A71F154BDC001DFE6D /* ViewControllers */,
				7B78D7D81F140D7300F319BF /* Models */,
				7B78D7D51F13BCD400F319BF /* Constants */,
				7B78D7D01F13B92900F319BF /* ApiManager */,
				7B78D7C51F13A91900F319BF /* Main.storyboard */,
				7B78D7C81F13A91A00F319BF /* Assets.xcassets */,
				7B78D7C11F13A91900F319BF /* AppDelegate.swift */,
				7B78D7CA1F13A91A00F319BF /* Info.plist */,
			);
			path = JioCinema;
			sourceTree = "<group>";
		};
		7B78D7D01F13B92900F319BF /* ApiManager */ = {
			isa = PBXGroup;
			children = (
				1966AC5A213FC54700A98404 /* APIManager+Base.swift */,
				7B0979231F27884C00B47E68 /* RJILImageDownloader.swift */,
				7B78D7D11F13B92900F319BF /* RJILApiManager.swift */,
				1966AC5C213FC58B00A98404 /* APIManager+Common.swift */,
				7B78D7D21F13B92900F319BF /* RJILPendingTask.swift */,
				1966AC5E213FC5B300A98404 /* APIManager+Search.swift */,
				1966AC60213FDBD800A98404 /* APIManager+LanguageGenre.swift */,
			);
			path = ApiManager;
			sourceTree = "<group>";
		};
		7B78D7D51F13BCD400F319BF /* Constants */ = {
			isa = PBXGroup;
			children = (
				7B78D7D61F13BE7800F319BF /* JCAppConstants.swift */,
			);
			name = Constants;
			sourceTree = "<group>";
		};
		7B78D7D81F140D7300F319BF /* Models */ = {
			isa = PBXGroup;
			children = (
				197727B720B6A82B00D291A9 /* JCTRendingSearchTextsModel */,
				7BD39C8D1F419CD40014255C /* JCMetadataModel.swift */,
				7B78D7D91F140DA100F319BF /* JCConfigData.swift */,
				7B78D7DB1F14752400F319BF /* JCDataStore.swift */,
				7BFEC4A51F154223001DFE6D /* JCAppUser.swift */,
				7BB0E2101F1E283B00A1DB0B /* JCBaseDataModel.swift */,
				7B6737121F5975920019610E /* JCLanguageGenreDetailModel.swift */,
				1976EDAC1FD7D84D00EA948D /* PlaybackRightsModel.swift */,
				1966AC58213FC45F00A98404 /* LoginModels.swift */,
				19ED97ED1FD5405800E43CBE /* VersionModel */,
			);
			name = Models;
			sourceTree = "<group>";
		};
		7BA1C6E71F2F0702002AB966 /* Common */ = {
			isa = PBXGroup;
			children = (
				7BA1C6E81F2F0715002AB966 /* JCLoginManager.swift */,
				B811ED411F56BC4600E55FAD /* Log.swift */,
				B822EBDF1F84CE94002332B4 /* Utility.swift */,
				535E5A5421259A9200C375BD /* Utility+ActivityIndicator.swift */,
				53DDCB1F21BF90F9004F0A6A /* AutoScrollLabel.swift */,
			);
			name = Common;
			sourceTree = "<group>";
		};
		7BB0E2031F1DEE6100A1DB0B /* CustomCells */ = {
			isa = PBXGroup;
			children = (
				7BB0E2041F1DEE9800A1DB0B /* JCBaseTableViewCell.swift */,
				7BB0E2051F1DEE9800A1DB0B /* JCBaseTableViewCell.xib */,
				7BB0E20C1F1DFF8E00A1DB0B /* JCCarouselCell.swift */,
				7BB0E20D1F1DFF8E00A1DB0B /* JCCarouselCell.xib */,
				7BFE51361F29BD4500C901C7 /* JCBaseTableViewHeaderCell.swift */,
				7BFE51371F29BD4500C901C7 /* JCBaseTableViewHeaderCell.xib */,
				7BFE51401F29F47100C901C7 /* JCItemCell.swift */,
				7BFE51411F29F47100C901C7 /* JCItemCell.xib */,
				2025F44E1F3AF58300C3B609 /* JCSettingsTableViewCell.swift */,
				2025F44F1F3AF58300C3B609 /* JCSettingsTableViewCell.xib */,
				7BD39C8F1F419CE30014255C /* MetadataHeaderView.swift */,
				7BD39C911F419CE90014255C /* kMetadataHeaderView.xib */,
				7BABC1CE1F4B126B00B4B1AA /* JCSeasonCollectionViewCell.swift */,
				7BABC1CF1F4B126B00B4B1AA /* JCSeasonCollectionViewCell.xib */,
				7BB86E751F4C1C4700610436 /* JCYearCell.swift */,
				7BB86E761F4C1C4700610436 /* JCYearCell.xib */,
				7BB86E791F4C1FAD00610436 /* JCMonthCell.swift */,
				7BB86E7A1F4C1FAD00610436 /* JCMonthCell.xib */,
				7B1084FD1F54270F008BC7E9 /* JCResumeWatchCell.swift */,
				7B1084FE1F54270F008BC7E9 /* JCResumeWatchCell.xib */,
				7B61D4F11F7526CC001B081D /* JCArtistImageCell.swift */,
				7B61D4F21F7526CC001B081D /* JCArtistImageCell.xib */,
				194E1EAE20B7F35800C73EBA /* JCSearchRecommendationTableViewCell.swift */,
				194E1EAF20B7F35800C73EBA /* JCSearchRecommendationTableViewCell.xib */,
				9966543321D381360026CC8D /* CarouselCollectionViewCell.swift */,
				9966543421D381360026CC8D /* CarouselCollectionViewCell.xib */,
			);
			name = CustomCells;
			sourceTree = "<group>";
		};
		7BD39C931F419CFA0014255C /* BridgningHeader */ = {
			isa = PBXGroup;
			children = (
				7BD39C941F419D150014255C /* JioCinema-Bridging-Header.h */,
			);
			name = BridgningHeader;
			sourceTree = "<group>";
		};
		7BFEC4A71F154BDC001DFE6D /* ViewControllers */ = {
			isa = PBXGroup;
			children = (
				198E48711FCBD580006EEA27 /* Search */,
				7BFEC4AA1F154C42001DFE6D /* JCSplashVC.swift */,
				7BFEC4B91F15C01A001DFE6D /* JCLoginVC.swift */,
				7BFEC4BB1F15C647001DFE6D /* JCHomeVC.swift */,
				7BFEC4CA1F178C40001DFE6D /* JCSignInOptionsVC.swift */,
				7B1CF54A1F1C9A05001C2B1D /* JCOTPVC.swift */,
				7BB0E1FF1F1DECE600A1DB0B /* JCBaseVC.swift */,
				7BB0E2001F1DECE600A1DB0B /* JCBaseVC.xib */,
				7BB0E20A1F1DF65900A1DB0B /* JCTabBarController.swift */,
				7B072E741F2CBFB900C67E97 /* JCMusicVC.swift */,
				7B6533001F2FB84C004D55B8 /* JCMetadataVC.swift */,
				7BE0EA4E1F30694100151D23 /* JCTVVC.swift */,
				7BB0E2081F1DF52500A1DB0B /* JCMoviesVC.swift */,
				7BE0EA501F30695700151D23 /* JCClipsVC.swift */,
				7BE0EA541F30993B00151D23 /* JCPlayerVC.swift */,
				2025F44C1F3AEE3C00C3B609 /* JCSettingsVC.swift */,
				203C40A91F4EE80300D91108 /* JCResumeWatchingVC.swift */,
				2025F4521F3B44DB00C3B609 /* JCSettingsDetailVC.swift */,
				7BAE8D231F58487C00399F4D /* JCLanguageGenreVC.swift */,
				7B7D0E7C1F5BF630004BF3F1 /* JCLanguageGenreSelectionVC.swift */,
			);
			name = ViewControllers;
			sourceTree = "<group>";
		};
		7BFEC4AC1F154C9B001DFE6D /* Images */ = {
			isa = PBXGroup;
			children = (
				99BB5DD6220838B4000E73A1 /* metadatabg.png */,
				199DE87421649ACE0052CA54 /* DisneyKids.png */,
				199DE87521649ACF0052CA54 /* DisneyMovies.png */,
				199DE87621649ACF0052CA54 /* DisneyTVShow.png */,
				7B3A43F81F4424F900EE3824 /* imdb_logo.png */,
				539FC8B42126F53D0070D306 /* ParentalControlSetting.png */,
				7BD39C971F419F470014255C /* AddtoWatchlist.png */,
				7BD39C981F419F470014255C /* WatchNow.png */,
				9974D8F8220C63D800E4BF03 /* JioCinema_Splash_Screen.jpg */,
				7BC1E7151F33044700D08E83 /* JioCinema-SplashScreen.png */,
				2025F4541F3B513100C3B609 /* Autoplay.png */,
				2025F4561F3B513A00C3B609 /* FAQ.png */,
				2025F4581F3B51B700C3B609 /* Feedback.png */,
				2025F45A1F3B51BF00C3B609 /* Logout.png */,
				2025F45C1F3B51C700C3B609 /* MyAccount.png */,
				2025F45E1F3B51CE00C3B609 /* PrivacyPolicy.png */,
				2024C4861F3C38A8003A08C3 /* Terms.png */,
				2025F4621F3B51D800C3B609 /* Version.png */,
				2024C4881F3C9C2D003A08C3 /* ArrowGrey.png */,
				2024C48A1F3C9C34003A08C3 /* ArrowPink.png */,
				205C0E5E1F3DCEE1004965A9 /* Settings.png */,
			);
			name = Images;
			sourceTree = "<group>";
		};
		7BFEC4C11F174A84001DFE6D /* CustomComponents */ = {
			isa = PBXGroup;
			children = (
				9966543921D3C0D70026CC8D /* DisneyButtons.swift */,
				9966543A21D3C0D70026CC8D /* DisneyButtons.xib */,
				533F701F211C7609003EA167 /* JCBaseTableViewFooterView.swift */,
				B65E07491F78E07D00D4FA9E /* CarouselViewButton.swift */,
				196291CB203A9BEB0064927E /* ShowMoreTextbutton.swift */,
				B65E074A1F78E07D00D4FA9E /* InfinityScrollView.swift */,
				B65E074B1F78E07D00D4FA9E /* kInfinityScrollView.xib */,
				7BFEC4C21F174ACA001DFE6D /* JCButton.swift */,
				B65FF5881F6A53C0004EBE6A /* JCKeyboardButton.swift */,
				7BFEC4C61F1782DC001DFE6D /* JCPasswordField.swift */,
				7BFEC4C41F177EAA001DFE6D /* JCTextField.swift */,
				7BD39C951F419E110014255C /* JCMetadataButton.swift */,
				53AD5F2220BD1E7B005D6820 /* AutoplayButton.swift */,
				533F7023211C78DD003EA167 /* JCBaseTableViewFooterView.xib */,
				9918EF89214F8011004096E1 /* DisneyButtonsTableViewCell.swift */,
				9918EF8A214F8012004096E1 /* DisneyButtonsTableViewCell.xib */,
				9918EF8F2150D3DD004096E1 /* CarouselViewForDisney.swift */,
				9918EF902150D3DE004096E1 /* CarouselViewForDisney.xib */,
				9966543021D380C00026CC8D /* ViewForCarousel.swift */,
				9966543721D382FE0026CC8D /* ViewForCarousel.xib */,
			);
			name = CustomComponents;
			sourceTree = "<group>";
		};
		847BC04A2201D18900FB5B2A /* Fonts */ = {
			isa = PBXGroup;
			children = (
				847BC04F2201D19A00FB5B2A /* JioType-Black.ttf */,
				847BC04E2201D19900FB5B2A /* JioType-Bold.ttf */,
				847BC04C2201D19900FB5B2A /* JioType-Light.ttf */,
				847BC0502201D19A00FB5B2A /* JioType-LightItalic.ttf */,
				847BC04D2201D19900FB5B2A /* JioType-Medium.ttf */,
				847BC04B2201D19900FB5B2A /* JioType-MediumItalic.ttf */,
			);
			path = Fonts;
			sourceTree = "<group>";
		};
		991FCC032C29485454E4C5A0 /* Frameworks */ = {
			isa = PBXGroup;
			children = (
				44B33E3BBFC27C9E1E591B9B /* Pods_JioCinema.framework */,
				19491EDB2018522600870794 /* TVServices.framework */,
			);
			name = Frameworks;
			sourceTree = "<group>";
		};
		B28F13A3B3AA96161C298489 /* Pods */ = {
			isa = PBXGroup;
			children = (
				58F9747714A2216C06A7A868 /* Pods-JioCinema.debug.xcconfig */,
				1774B5B2F6E3BB89A0D8147B /* Pods-JioCinema.release.xcconfig */,
			);
			name = Pods;
			sourceTree = "<group>";
		};
		B8EADF041F9DC42C0069671B /* Analytics */ = {
			isa = PBXGroup;
			children = (
				B8EADF071F9DC90D0069671B /* JCAnalyticsEvent.swift */,
				7B545E7F1F7A604C007C5004 /* JCAnalyticsManager.swift */,
			);
			name = Analytics;
			sourceTree = "<group>";
		};
/* End PBXGroup section */

/* Begin PBXNativeTarget section */
		19491ED92018522600870794 /* JCTopShelf */ = {
			isa = PBXNativeTarget;
			buildConfigurationList = 19491EE62018522700870794 /* Build configuration list for PBXNativeTarget "JCTopShelf" */;
			buildPhases = (
				19491ED62018522600870794 /* Sources */,
				19491ED72018522600870794 /* Frameworks */,
				19491ED82018522600870794 /* Resources */,
			);
			buildRules = (
			);
			dependencies = (
			);
			name = JCTopShelf;
			productName = JCTopShelf;
			productReference = 19491EDA2018522600870794 /* JCTopShelf.appex */;
			productType = "com.apple.product-type.tv-app-extension";
		};
		7B78D7BD1F13A91900F319BF /* JioCinema */ = {
			isa = PBXNativeTarget;
			buildConfigurationList = 7B78D7CD1F13A91A00F319BF /* Build configuration list for PBXNativeTarget "JioCinema" */;
			buildPhases = (
				774E779B4FA5E03EBA6BF0C2 /* [CP] Check Pods Manifest.lock */,
				7B78D7BA1F13A91900F319BF /* Sources */,
				7B78D7BB1F13A91900F319BF /* Frameworks */,
				7B78D7BC1F13A91900F319BF /* Resources */,
				39E61D85B0043DB0C0A2ADC1 /* [CP] Embed Pods Frameworks */,
				54A433EA7F6FAF8C6F69845E /* [CP] Copy Pods Resources */,
				198B90F21FE257E700F452FD /* ShellScript */,
				19491EE72018522700870794 /* Embed App Extensions */,
			);
			buildRules = (
			);
			dependencies = (
				19491EE22018522600870794 /* PBXTargetDependency */,
			);
			name = JioCinema;
			productName = JioCinema;
			productReference = 7B78D7BE1F13A91900F319BF /* JioCinema.app */;
			productType = "com.apple.product-type.application";
		};
/* End PBXNativeTarget section */

/* Begin PBXProject section */
		7B78D7B61F13A91900F319BF /* Project object */ = {
			isa = PBXProject;
			attributes = {
				LastSwiftUpdateCheck = 0920;
				LastUpgradeCheck = 1000;
				ORGANIZATIONNAME = "Reliance Jio Infocomm. Ltd.";
				TargetAttributes = {
					19491ED92018522600870794 = {
						CreatedOnToolsVersion = 9.2;
						DevelopmentTeam = 8PVH2NGH42;
						ProvisioningStyle = Manual;
					};
					7B78D7BD1F13A91900F319BF = {
						CreatedOnToolsVersion = 8.3;
						DevelopmentTeam = 8PVH2NGH42;
						LastSwiftMigration = 0940;
						ProvisioningStyle = Manual;
						SystemCapabilities = {
							com.apple.BackgroundModes.appletvos = {
								enabled = 1;
							};
						};
					};
				};
			};
			buildConfigurationList = 7B78D7B91F13A91900F319BF /* Build configuration list for PBXProject "JioCinema" */;
			compatibilityVersion = "Xcode 3.2";
			developmentRegion = English;
			hasScannedForEncodings = 0;
			knownRegions = (
				en,
				Base,
			);
			mainGroup = 7B78D7B51F13A91900F319BF;
			productRefGroup = 7B78D7BF1F13A91900F319BF /* Products */;
			projectDirPath = "";
			projectRoot = "";
			targets = (
				7B78D7BD1F13A91900F319BF /* JioCinema */,
				19491ED92018522600870794 /* JCTopShelf */,
			);
		};
/* End PBXProject section */

/* Begin PBXResourcesBuildPhase section */
		19491ED82018522600870794 /* Resources */ = {
			isa = PBXResourcesBuildPhase;
			buildActionMask = 2147483647;
			files = (
			);
			runOnlyForDeploymentPostprocessing = 0;
		};
		7B78D7BC1F13A91900F319BF /* Resources */ = {
			isa = PBXResourcesBuildPhase;
			buildActionMask = 2147483647;
			files = (
				847BC0572201D55500FB5B2A /* JioType-Light.ttf in Resources */,
				19BF8A7E214657BF001C58DD /* ItemCollectionViewCell.xib in Resources */,
				847BC0562201D19A00FB5B2A /* JioType-LightItalic.ttf in Resources */,
				2024C4891F3C9C2D003A08C3 /* ArrowGrey.png in Resources */,
				2025F4571F3B513A00C3B609 /* FAQ.png in Resources */,
				7BB0E20F1F1DFF8E00A1DB0B /* JCCarouselCell.xib in Resources */,
				533F7024211C78DD003EA167 /* JCBaseTableViewFooterView.xib in Resources */,
				9966543C21D3C0D70026CC8D /* DisneyButtons.xib in Resources */,
				2024C48B1F3C9C34003A08C3 /* ArrowPink.png in Resources */,
				7B78D7C91F13A91A00F319BF /* Assets.xcassets in Resources */,
				2025F4591F3B51B700C3B609 /* Feedback.png in Resources */,
				539618F32121A41F00B576BF /* EnterParentalPinView.xib in Resources */,
				7BFE51431F29F47100C901C7 /* JCItemCell.xib in Resources */,
				7BD39C991F419F470014255C /* AddtoWatchlist.png in Resources */,
				205C0E5F1F3DCEE1004965A9 /* Settings.png in Resources */,
				19BF8A77214651A6001C58DD /* BaseViewController.xib in Resources */,
				7BC1E7161F33044700D08E83 /* JioCinema-SplashScreen.png in Resources */,
				847BC0532201D19A00FB5B2A /* JioType-Medium.ttf in Resources */,
				7BD39C9A1F419F470014255C /* WatchNow.png in Resources */,
				7BFE51391F29BD4500C901C7 /* JCBaseTableViewHeaderCell.xib in Resources */,
				847BC0542201D19A00FB5B2A /* JioType-Bold.ttf in Resources */,
				7B61D4F41F7526CC001B081D /* JCArtistImageCell.xib in Resources */,
				2025F4631F3B51D800C3B609 /* Version.png in Resources */,
				B65E074E1F78E07D00D4FA9E /* kInfinityScrollView.xib in Resources */,
				847BC0552201D19A00FB5B2A /* JioType-Black.ttf in Resources */,
				53D1E2E821B7B881003BD5C1 /* SideNavigationVC.xib in Resources */,
				2025F45B1F3B51BF00C3B609 /* Logout.png in Resources */,
				7BABC1D11F4B126B00B4B1AA /* JCSeasonCollectionViewCell.xib in Resources */,
				2025F4551F3B513100C3B609 /* Autoplay.png in Resources */,
				2025F45F1F3B51CE00C3B609 /* PrivacyPolicy.png in Resources */,
				9966543621D381360026CC8D /* CarouselCollectionViewCell.xib in Resources */,
				194E1EB120B7F35800C73EBA /* JCSearchRecommendationTableViewCell.xib in Resources */,
				7BB86E781F4C1C4700610436 /* JCYearCell.xib in Resources */,
				2024C4871F3C38A8003A08C3 /* Terms.png in Resources */,
				2025F45D1F3B51C700C3B609 /* MyAccount.png in Resources */,
				7BD39C921F419CE90014255C /* kMetadataHeaderView.xib in Resources */,
				99BB5DD7220838C3000E73A1 /* metadatabg.png in Resources */,
				539618EB21219BD900B576BF /* SetParentalPinView.xib in Resources */,
				9918EF922150D3DE004096E1 /* CarouselViewForDisney.xib in Resources */,
				7BB0E2021F1DECE600A1DB0B /* JCBaseVC.xib in Resources */,
				7B3A43F91F4424F900EE3824 /* imdb_logo.png in Resources */,
				199DE87821649ACF0052CA54 /* DisneyMovies.png in Resources */,
				7B1085001F54270F008BC7E9 /* JCResumeWatchCell.xib in Resources */,
				847BC0512201D19A00FB5B2A /* JioType-MediumItalic.ttf in Resources */,
				7B78D7C71F13A91900F319BF /* Main.storyboard in Resources */,
				539FC8B52126F53D0070D306 /* ParentalControlSetting.png in Resources */,
				7BB86E7C1F4C1FAD00610436 /* JCMonthCell.xib in Resources */,
				199DE87721649ACF0052CA54 /* DisneyKids.png in Resources */,
				9974D8F9220C63D900E4BF03 /* JioCinema_Splash_Screen.jpg in Resources */,
				53F16C51215AB25F0052BE0A /* BaseTableViewCell.xib in Resources */,
				2025F4511F3AF58300C3B609 /* JCSettingsTableViewCell.xib in Resources */,
				9966543821D382FE0026CC8D /* ViewForCarousel.xib in Resources */,
				7BB0E2071F1DEE9800A1DB0B /* JCBaseTableViewCell.xib in Resources */,
				53D1E2F421B7ED67003BD5C1 /* SideNavigationTableView.xib in Resources */,
				53A70E3D220454AA00C48814 /* SideNavigationTableCell.xib in Resources */,
				539618E321219B1500B576BF /* ParentalControlVC.xib in Resources */,
				199DE87921649ACF0052CA54 /* DisneyTVShow.png in Resources */,
			);
			runOnlyForDeploymentPostprocessing = 0;
		};
/* End PBXResourcesBuildPhase section */

/* Begin PBXShellScriptBuildPhase section */
		198B90F21FE257E700F452FD /* ShellScript */ = {
			isa = PBXShellScriptBuildPhase;
			buildActionMask = 2147483647;
			files = (
			);
			inputPaths = (
			);
			outputPaths = (
			);
			runOnlyForDeploymentPostprocessing = 0;
			shellPath = /bin/sh;
			shellScript = "\"${PODS_ROOT}/Fabric/run\" b2cb0240a920ed8ea4e35d61f43735ece69b3fd2 8b19a31b41cf8f0ac31d753c3c2369ae8dc9e3b14697377bd9e587f9e03fcee2​";
		};
		39E61D85B0043DB0C0A2ADC1 /* [CP] Embed Pods Frameworks */ = {
			isa = PBXShellScriptBuildPhase;
			buildActionMask = 2147483647;
			files = (
			);
			inputPaths = (
				"${SRCROOT}/Pods/Target Support Files/Pods-JioCinema/Pods-JioCinema-frameworks.sh",
				"${BUILT_PRODUCTS_DIR}/ObjectMapper/ObjectMapper.framework",
				"${BUILT_PRODUCTS_DIR}/ReachabilitySwift/ReachabilitySwift.framework",
				"${BUILT_PRODUCTS_DIR}/SDWebImage/SDWebImage.framework",
			);
			name = "[CP] Embed Pods Frameworks";
			outputPaths = (
				"${TARGET_BUILD_DIR}/${FRAMEWORKS_FOLDER_PATH}/ObjectMapper.framework",
				"${TARGET_BUILD_DIR}/${FRAMEWORKS_FOLDER_PATH}/ReachabilitySwift.framework",
				"${TARGET_BUILD_DIR}/${FRAMEWORKS_FOLDER_PATH}/SDWebImage.framework",
			);
			runOnlyForDeploymentPostprocessing = 0;
			shellPath = /bin/sh;
			shellScript = "\"${SRCROOT}/Pods/Target Support Files/Pods-JioCinema/Pods-JioCinema-frameworks.sh\"\n";
			showEnvVarsInLog = 0;
		};
		54A433EA7F6FAF8C6F69845E /* [CP] Copy Pods Resources */ = {
			isa = PBXShellScriptBuildPhase;
			buildActionMask = 2147483647;
			files = (
			);
			inputPaths = (
			);
			name = "[CP] Copy Pods Resources";
			outputPaths = (
			);
			runOnlyForDeploymentPostprocessing = 0;
			shellPath = /bin/sh;
			shellScript = "\"${SRCROOT}/Pods/Target Support Files/Pods-JioCinema/Pods-JioCinema-resources.sh\"\n";
			showEnvVarsInLog = 0;
		};
		774E779B4FA5E03EBA6BF0C2 /* [CP] Check Pods Manifest.lock */ = {
			isa = PBXShellScriptBuildPhase;
			buildActionMask = 2147483647;
			files = (
			);
			inputPaths = (
				"${PODS_PODFILE_DIR_PATH}/Podfile.lock",
				"${PODS_ROOT}/Manifest.lock",
			);
			name = "[CP] Check Pods Manifest.lock";
			outputPaths = (
				"$(DERIVED_FILE_DIR)/Pods-JioCinema-checkManifestLockResult.txt",
			);
			runOnlyForDeploymentPostprocessing = 0;
			shellPath = /bin/sh;
			shellScript = "diff \"${PODS_PODFILE_DIR_PATH}/Podfile.lock\" \"${PODS_ROOT}/Manifest.lock\" > /dev/null\nif [ $? != 0 ] ; then\n    # print error to STDERR\n    echo \"error: The sandbox is not in sync with the Podfile.lock. Run 'pod install' or update your CocoaPods installation.\" >&2\n    exit 1\nfi\n# This output is used by Xcode 'outputs' to avoid re-running this script phase.\necho \"SUCCESS\" > \"${SCRIPT_OUTPUT_FILE_0}\"\n";
			showEnvVarsInLog = 0;
		};
/* End PBXShellScriptBuildPhase section */

/* Begin PBXSourcesBuildPhase section */
		19491ED62018522600870794 /* Sources */ = {
			isa = PBXSourcesBuildPhase;
			buildActionMask = 2147483647;
			files = (
				19491EEA2018528100870794 /* TopShelfModel.swift in Sources */,
				19491EDF2018522600870794 /* ServiceProvider.swift in Sources */,
			);
			runOnlyForDeploymentPostprocessing = 0;
		};
		7B78D7BA1F13A91900F319BF /* Sources */ = {
			isa = PBXSourcesBuildPhase;
			buildActionMask = 2147483647;
			files = (
				7B78D7D71F13BE7800F319BF /* JCAppConstants.swift in Sources */,
				197727B620B6A1DD00D291A9 /* JCTrendingSearchResultViewModel.swift in Sources */,
				2025F4531F3B44DB00C3B609 /* JCSettingsDetailVC.swift in Sources */,
				B811ED421F56BC4600E55FAD /* Log.swift in Sources */,
				19BF8A74214651A6001C58DD /* BaseTableViewCell.swift in Sources */,
				203C40AA1F4EE80300D91108 /* JCResumeWatchingVC.swift in Sources */,
				7B072E751F2CBFB900C67E97 /* JCMusicVC.swift in Sources */,
				9966543521D381360026CC8D /* CarouselCollectionViewCell.swift in Sources */,
				7BE0EA551F30993B00151D23 /* JCPlayerVC.swift in Sources */,
				9966543B21D3C0D70026CC8D /* DisneyButtons.swift in Sources */,
				1966AC5B213FC54700A98404 /* APIManager+Base.swift in Sources */,
				7B78D7D31F13B92900F319BF /* RJILApiManager.swift in Sources */,
				194E1EB020B7F35800C73EBA /* JCSearchRecommendationTableViewCell.swift in Sources */,
				5360F84920C11EE600F9FC25 /* JCSearchViewController.swift in Sources */,
				2025F44D1F3AEE3C00C3B609 /* JCSettingsVC.swift in Sources */,
				539618EF2121A0F300B576BF /* EnterPinViewModel.swift in Sources */,
				7BFEC4C51F177EAA001DFE6D /* JCTextField.swift in Sources */,
				7B545E801F7A604C007C5004 /* JCAnalyticsManager.swift in Sources */,
				7BB0E2111F1E283B00A1DB0B /* JCBaseDataModel.swift in Sources */,
				7B78D7D41F13B92900F319BF /* RJILPendingTask.swift in Sources */,
				7BE0EA4F1F30694100151D23 /* JCTVVC.swift in Sources */,
				7B78D7DA1F140DA100F319BF /* JCConfigData.swift in Sources */,
				797880FB1F4ECB810032943E /* SearchDataStore.swift in Sources */,
				19BF8A78214651A6001C58DD /* BaseViewController.swift in Sources */,
				7BFEC4BC1F15C647001DFE6D /* JCHomeVC.swift in Sources */,
				7BFEC4AB1F154C42001DFE6D /* JCSplashVC.swift in Sources */,
				7BFE51421F29F47100C901C7 /* JCItemCell.swift in Sources */,
				7BFEC4C31F174ACA001DFE6D /* JCButton.swift in Sources */,
				1966AC5F213FC5B300A98404 /* APIManager+Search.swift in Sources */,
				535E5A5521259A9200C375BD /* Utility+ActivityIndicator.swift in Sources */,
				7BD39C8E1F419CD40014255C /* JCMetadataModel.swift in Sources */,
				B822EBE01F84CE95002332B4 /* Utility.swift in Sources */,
				7B61D4F31F7526CC001B081D /* JCArtistImageCell.swift in Sources */,
				19ED97F11FD5406F00E43CBE /* CheckVersionModel.swift in Sources */,
				539618F22121A41F00B576BF /* EnterParentalPinView.swift in Sources */,
				53D1E2F821B7F1B4003BD5C1 /* SideNavigationTableView.swift in Sources */,
				7BAE8D241F58487C00399F4D /* JCLanguageGenreVC.swift in Sources */,
				533F7020211C7609003EA167 /* JCBaseTableViewFooterView.swift in Sources */,
				B8EADF081F9DC90E0069671B /* JCAnalyticsEvent.swift in Sources */,
				7B78D7C21F13A91900F319BF /* AppDelegate.swift in Sources */,
				7BFEC4BA1F15C01A001DFE6D /* JCLoginVC.swift in Sources */,
				7BD39C961F419E110014255C /* JCMetadataButton.swift in Sources */,
				7BB0E2011F1DECE600A1DB0B /* JCBaseVC.swift in Sources */,
				7B7D0E7D1F5BF630004BF3F1 /* JCLanguageGenreSelectionVC.swift in Sources */,
				539618ED2121A05200B576BF /* SetParentalViewModel.swift in Sources */,
				194E1EB320B8324B00C73EBA /* SearchNavigationController.swift in Sources */,
				7B0979241F27884C00B47E68 /* RJILImageDownloader.swift in Sources */,
				9966543221D380C00026CC8D /* ViewForCarousel.swift in Sources */,
				B65E074D1F78E07D00D4FA9E /* InfinityScrollView.swift in Sources */,
				53D1E2E721B7B881003BD5C1 /* SideNavigationVC.swift in Sources */,
				7BB86E771F4C1C4700610436 /* JCYearCell.swift in Sources */,
				197727B920B6A8C300D291A9 /* JCTrendingSearchTextSuperModel.swift in Sources */,
				1966AC5D213FC58B00A98404 /* APIManager+Common.swift in Sources */,
				539618E221219B1500B576BF /* ParentalControlVC.swift in Sources */,
				B65E074C1F78E07D00D4FA9E /* CarouselViewButton.swift in Sources */,
				19ED97F21FD5406F00E43CBE /* CheckVersionResult.swift in Sources */,
				7B1CF54B1F1C9A05001C2B1D /* JCOTPVC.swift in Sources */,
				7B6533011F2FB84C004D55B8 /* JCMetadataVC.swift in Sources */,
				7B6737131F5975920019610E /* JCLanguageGenreDetailModel.swift in Sources */,
				7B78D7DC1F14752400F319BF /* JCDataStore.swift in Sources */,
				9918EF912150D3DE004096E1 /* CarouselViewForDisney.swift in Sources */,
				7BE0EA511F30695700151D23 /* JCClipsVC.swift in Sources */,
				1966AC59213FC45F00A98404 /* LoginModels.swift in Sources */,
				53DDCB2021BF90F9004F0A6A /* AutoScrollLabel.swift in Sources */,
				19B4A62221AFC5F200B13C77 /* MultiAudioManager.swift in Sources */,
				192A0154217DBEAE00E5D08A /* CommonHomeViewModel.swift in Sources */,
				7BD39C901F419CE30014255C /* MetadataHeaderView.swift in Sources */,
				7BABC1D01F4B126B00B4B1AA /* JCSeasonCollectionViewCell.swift in Sources */,
				530C0E1A21B8F8E40029C4D8 /* SideNavigationTableCell.swift in Sources */,
				7BFEC4A61F154223001DFE6D /* JCAppUser.swift in Sources */,
				7BFEC4CB1F178C40001DFE6D /* JCSignInOptionsVC.swift in Sources */,
				539AB2592122C4CB0003FF84 /* ParentalPinModel.swift in Sources */,
				19ED97F31FD5406F00E43CBE /* CheckVersionData.swift in Sources */,
				539AB25B2122E2760003FF84 /* ParentalPinManager.swift in Sources */,
				53AD5F2320BD1E7B005D6820 /* AutoplayButton.swift in Sources */,
				196291CC203A9BEB0064927E /* ShowMoreTextbutton.swift in Sources */,
				7BFEC4C71F1782DC001DFE6D /* JCPasswordField.swift in Sources */,
				7BB0E2091F1DF52500A1DB0B /* JCMoviesVC.swift in Sources */,
				7BA1C6E91F2F0715002AB966 /* JCLoginManager.swift in Sources */,
				19BF8A7D214657BF001C58DD /* ItemCollectionViewCell.swift in Sources */,
				1976EDAD1FD7D84D00EA948D /* PlaybackRightsModel.swift in Sources */,
				B65FF5891F6A53C0004EBE6A /* JCKeyboardButton.swift in Sources */,
				7BB0E20B1F1DF65900A1DB0B /* JCTabBarController.swift in Sources */,
				19BF8A75214651A6001C58DD /* BaseViewModel.swift in Sources */,
				539618F92122B80700B576BF /* SetParentalPinView.swift in Sources */,
				7BB0E20E1F1DFF8E00A1DB0B /* JCCarouselCell.swift in Sources */,
				192A0152217DBE8000E5D08A /* DisneyHomeViewModel.swift in Sources */,
				2025F4501F3AF58300C3B609 /* JCSettingsTableViewCell.swift in Sources */,
				19491EE92018528100870794 /* TopShelfModel.swift in Sources */,
				7B1084FF1F54270F008BC7E9 /* JCResumeWatchCell.swift in Sources */,
				797880F91F4ECB390032943E /* JCSearchResultViewController.swift in Sources */,
				7BFE51381F29BD4500C901C7 /* JCBaseTableViewHeaderCell.swift in Sources */,
				7BB0E2061F1DEE9800A1DB0B /* JCBaseTableViewCell.swift in Sources */,
				1966AC61213FDBD800A98404 /* APIManager+LanguageGenre.swift in Sources */,
				7BB86E7B1F4C1FAD00610436 /* JCMonthCell.swift in Sources */,
			);
			runOnlyForDeploymentPostprocessing = 0;
		};
/* End PBXSourcesBuildPhase section */

/* Begin PBXTargetDependency section */
		19491EE22018522600870794 /* PBXTargetDependency */ = {
			isa = PBXTargetDependency;
			target = 19491ED92018522600870794 /* JCTopShelf */;
			targetProxy = 19491EE12018522600870794 /* PBXContainerItemProxy */;
		};
/* End PBXTargetDependency section */

/* Begin PBXVariantGroup section */
		7B78D7C51F13A91900F319BF /* Main.storyboard */ = {
			isa = PBXVariantGroup;
			children = (
				7B78D7C61F13A91900F319BF /* Base */,
			);
			name = Main.storyboard;
			sourceTree = "<group>";
		};
/* End PBXVariantGroup section */

/* Begin XCBuildConfiguration section */
		19491EE42018522700870794 /* Debug */ = {
			isa = XCBuildConfiguration;
			buildSettings = {
				CLANG_CXX_LANGUAGE_STANDARD = "gnu++14";
				CLANG_WARN_BLOCK_CAPTURE_AUTORELEASING = YES;
				CLANG_WARN_COMMA = YES;
				CLANG_WARN_NON_LITERAL_NULL_CONVERSION = YES;
				CLANG_WARN_OBJC_LITERAL_CONVERSION = YES;
				CLANG_WARN_RANGE_LOOP_ANALYSIS = YES;
				CLANG_WARN_STRICT_PROTOTYPES = YES;
				CLANG_WARN_UNGUARDED_AVAILABILITY = YES_AGGRESSIVE;
				CODE_SIGN_IDENTITY = "iPhone Distribution";
				"CODE_SIGN_IDENTITY[sdk=appletvos*]" = "iPhone Distribution";
				CODE_SIGN_STYLE = Manual;
				DEVELOPMENT_TEAM = 8PVH2NGH42;
				GCC_C_LANGUAGE_STANDARD = gnu11;
				INFOPLIST_FILE = JCTopShelf/Info.plist;
				LD_RUNPATH_SEARCH_PATHS = "$(inherited) @executable_path/Frameworks @executable_path/../../Frameworks";
				PRODUCT_BUNDLE_IDENTIFIER = com.jio.media.jioondemand.JCTopShelf;
				PRODUCT_NAME = "$(TARGET_NAME)";
				PROVISIONING_PROFILE = "11ce356b-9330-4298-a8d8-e9b6e1cbc569";
				PROVISIONING_PROFILE_SPECIFIER = "com.jio.media.jioondemand.JCTopShelf appStore";
				SKIP_INSTALL = YES;
				SWIFT_VERSION = 4.0;
				TARGETED_DEVICE_FAMILY = 3;
				TVOS_DEPLOYMENT_TARGET = 10.2;
			};
			name = Debug;
		};
		19491EE52018522700870794 /* Release */ = {
			isa = XCBuildConfiguration;
			buildSettings = {
				CLANG_CXX_LANGUAGE_STANDARD = "gnu++14";
				CLANG_WARN_BLOCK_CAPTURE_AUTORELEASING = YES;
				CLANG_WARN_COMMA = YES;
				CLANG_WARN_NON_LITERAL_NULL_CONVERSION = YES;
				CLANG_WARN_OBJC_LITERAL_CONVERSION = YES;
				CLANG_WARN_RANGE_LOOP_ANALYSIS = YES;
				CLANG_WARN_STRICT_PROTOTYPES = YES;
				CLANG_WARN_UNGUARDED_AVAILABILITY = YES_AGGRESSIVE;
				CODE_SIGN_IDENTITY = "iPhone Distribution";
				"CODE_SIGN_IDENTITY[sdk=appletvos*]" = "iPhone Distribution";
				CODE_SIGN_STYLE = Manual;
				DEVELOPMENT_TEAM = 8PVH2NGH42;
				GCC_C_LANGUAGE_STANDARD = gnu11;
				INFOPLIST_FILE = JCTopShelf/Info.plist;
				LD_RUNPATH_SEARCH_PATHS = "$(inherited) @executable_path/Frameworks @executable_path/../../Frameworks";
				PRODUCT_BUNDLE_IDENTIFIER = com.jio.media.jioondemand.JCTopShelf;
				PRODUCT_NAME = "$(TARGET_NAME)";
				PROVISIONING_PROFILE = "40aa479e-ec82-4258-b502-c9d14bf364f2";
				PROVISIONING_PROFILE_SPECIFIER = "com.jio.media.jioondemand.JCTopShelf appStore";
				SKIP_INSTALL = YES;
				SWIFT_VERSION = 4.0;
				TARGETED_DEVICE_FAMILY = 3;
				TVOS_DEPLOYMENT_TARGET = 10.2;
			};
			name = Release;
		};
		7B78D7CB1F13A91A00F319BF /* Debug */ = {
			isa = XCBuildConfiguration;
			buildSettings = {
				ALWAYS_SEARCH_USER_PATHS = NO;
				CLANG_ANALYZER_NONNULL = YES;
				CLANG_ANALYZER_NUMBER_OBJECT_CONVERSION = YES_AGGRESSIVE;
				CLANG_CXX_LANGUAGE_STANDARD = "gnu++0x";
				CLANG_CXX_LIBRARY = "libc++";
				CLANG_ENABLE_MODULES = YES;
				CLANG_ENABLE_OBJC_ARC = YES;
				CLANG_WARN_BLOCK_CAPTURE_AUTORELEASING = YES;
				CLANG_WARN_BOOL_CONVERSION = YES;
				CLANG_WARN_COMMA = YES;
				CLANG_WARN_CONSTANT_CONVERSION = YES;
				CLANG_WARN_DEPRECATED_OBJC_IMPLEMENTATIONS = YES;
				CLANG_WARN_DIRECT_OBJC_ISA_USAGE = YES_ERROR;
				CLANG_WARN_DOCUMENTATION_COMMENTS = YES;
				CLANG_WARN_EMPTY_BODY = YES;
				CLANG_WARN_ENUM_CONVERSION = YES;
				CLANG_WARN_INFINITE_RECURSION = YES;
				CLANG_WARN_INT_CONVERSION = YES;
				CLANG_WARN_NON_LITERAL_NULL_CONVERSION = YES;
				CLANG_WARN_OBJC_IMPLICIT_RETAIN_SELF = YES;
				CLANG_WARN_OBJC_LITERAL_CONVERSION = YES;
				CLANG_WARN_OBJC_ROOT_CLASS = YES_ERROR;
				CLANG_WARN_RANGE_LOOP_ANALYSIS = YES;
				CLANG_WARN_STRICT_PROTOTYPES = YES;
				CLANG_WARN_SUSPICIOUS_MOVE = YES;
				CLANG_WARN_UNREACHABLE_CODE = YES;
				CLANG_WARN__DUPLICATE_METHOD_MATCH = YES;
				COPY_PHASE_STRIP = NO;
				DEBUG_INFORMATION_FORMAT = dwarf;
				ENABLE_STRICT_OBJC_MSGSEND = YES;
				ENABLE_TESTABILITY = YES;
				GCC_C_LANGUAGE_STANDARD = gnu99;
				GCC_DYNAMIC_NO_PIC = NO;
				GCC_NO_COMMON_BLOCKS = YES;
				GCC_OPTIMIZATION_LEVEL = 0;
				GCC_PREPROCESSOR_DEFINITIONS = (
					"DEBUG=1",
					"$(inherited)",
				);
				GCC_WARN_64_TO_32_BIT_CONVERSION = YES;
				GCC_WARN_ABOUT_RETURN_TYPE = YES_ERROR;
				GCC_WARN_UNDECLARED_SELECTOR = YES;
				GCC_WARN_UNINITIALIZED_AUTOS = YES_AGGRESSIVE;
				GCC_WARN_UNUSED_FUNCTION = YES;
				GCC_WARN_UNUSED_VARIABLE = YES;
				MTL_ENABLE_DEBUG_INFO = YES;
				ONLY_ACTIVE_ARCH = YES;
				SDKROOT = appletvos;
				SWIFT_ACTIVE_COMPILATION_CONDITIONS = DEBUG;
				SWIFT_OPTIMIZATION_LEVEL = "-Onone";
				TARGETED_DEVICE_FAMILY = 3;
				TVOS_DEPLOYMENT_TARGET = 10.2;
			};
			name = Debug;
		};
		7B78D7CC1F13A91A00F319BF /* Release */ = {
			isa = XCBuildConfiguration;
			buildSettings = {
				ALWAYS_SEARCH_USER_PATHS = NO;
				CLANG_ANALYZER_NONNULL = YES;
				CLANG_ANALYZER_NUMBER_OBJECT_CONVERSION = YES_AGGRESSIVE;
				CLANG_CXX_LANGUAGE_STANDARD = "gnu++0x";
				CLANG_CXX_LIBRARY = "libc++";
				CLANG_ENABLE_MODULES = YES;
				CLANG_ENABLE_OBJC_ARC = YES;
				CLANG_WARN_BLOCK_CAPTURE_AUTORELEASING = YES;
				CLANG_WARN_BOOL_CONVERSION = YES;
				CLANG_WARN_COMMA = YES;
				CLANG_WARN_CONSTANT_CONVERSION = YES;
				CLANG_WARN_DEPRECATED_OBJC_IMPLEMENTATIONS = YES;
				CLANG_WARN_DIRECT_OBJC_ISA_USAGE = YES_ERROR;
				CLANG_WARN_DOCUMENTATION_COMMENTS = YES;
				CLANG_WARN_EMPTY_BODY = YES;
				CLANG_WARN_ENUM_CONVERSION = YES;
				CLANG_WARN_INFINITE_RECURSION = YES;
				CLANG_WARN_INT_CONVERSION = YES;
				CLANG_WARN_NON_LITERAL_NULL_CONVERSION = YES;
				CLANG_WARN_OBJC_IMPLICIT_RETAIN_SELF = YES;
				CLANG_WARN_OBJC_LITERAL_CONVERSION = YES;
				CLANG_WARN_OBJC_ROOT_CLASS = YES_ERROR;
				CLANG_WARN_RANGE_LOOP_ANALYSIS = YES;
				CLANG_WARN_STRICT_PROTOTYPES = YES;
				CLANG_WARN_SUSPICIOUS_MOVE = YES;
				CLANG_WARN_UNREACHABLE_CODE = YES;
				CLANG_WARN__DUPLICATE_METHOD_MATCH = YES;
				COPY_PHASE_STRIP = NO;
				DEBUG_INFORMATION_FORMAT = "dwarf-with-dsym";
				ENABLE_NS_ASSERTIONS = NO;
				ENABLE_STRICT_OBJC_MSGSEND = YES;
				GCC_C_LANGUAGE_STANDARD = gnu99;
				GCC_NO_COMMON_BLOCKS = YES;
				GCC_WARN_64_TO_32_BIT_CONVERSION = YES;
				GCC_WARN_ABOUT_RETURN_TYPE = YES_ERROR;
				GCC_WARN_UNDECLARED_SELECTOR = YES;
				GCC_WARN_UNINITIALIZED_AUTOS = YES_AGGRESSIVE;
				GCC_WARN_UNUSED_FUNCTION = YES;
				GCC_WARN_UNUSED_VARIABLE = YES;
				MTL_ENABLE_DEBUG_INFO = NO;
				SDKROOT = appletvos;
				SWIFT_OPTIMIZATION_LEVEL = "-Owholemodule";
				TARGETED_DEVICE_FAMILY = 3;
				TVOS_DEPLOYMENT_TARGET = 10.2;
				VALIDATE_PRODUCT = YES;
			};
			name = Release;
		};
		7B78D7CE1F13A91A00F319BF /* Debug */ = {
			isa = XCBuildConfiguration;
			baseConfigurationReference = 58F9747714A2216C06A7A868 /* Pods-JioCinema.debug.xcconfig */;
			buildSettings = {
				ALWAYS_EMBED_SWIFT_STANDARD_LIBRARIES = YES;
				ASSETCATALOG_COMPILER_APPICON_NAME = "App Icon & Top Shelf Image";
				ASSETCATALOG_COMPILER_LAUNCHIMAGE_NAME = LaunchImage;
				CODE_SIGN_IDENTITY = "iPhone Distribution";
				"CODE_SIGN_IDENTITY[sdk=appletvos*]" = "iPhone Distribution";
				CODE_SIGN_STYLE = Manual;
				DEVELOPMENT_TEAM = 8PVH2NGH42;
				INFOPLIST_FILE = JioCinema/Info.plist;
				LD_RUNPATH_SEARCH_PATHS = "$(inherited) @executable_path/Frameworks";
				LIBRARY_SEARCH_PATHS = (
					"$(inherited)",
					"$(PROJECT_DIR)/JioCinema/ApiManager/JioMediaAnalytics",
					"$(PROJECT_DIR)/JioCinema/JioMediaAnalytics",
				);
				ONLY_ACTIVE_ARCH = YES;
				PRODUCT_BUNDLE_IDENTIFIER = com.jio.media.jioondemand;
				PRODUCT_NAME = "$(TARGET_NAME)";
				PROVISIONING_PROFILE = "aaf7cbcd-6e03-4de5-bbb2-e43c239ea02e";
				PROVISIONING_PROFILE_SPECIFIER = "Jio On Demand tvOS App Prod";
				SWIFT_OBJC_BRIDGING_HEADER = "JioCinema/JioCinema-Bridging-Header.h";
				SWIFT_SWIFT3_OBJC_INFERENCE = On;
				SWIFT_VERSION = 4.0;
				TVOS_DEPLOYMENT_TARGET = 10.2;
			};
			name = Debug;
		};
		7B78D7CF1F13A91A00F319BF /* Release */ = {
			isa = XCBuildConfiguration;
			baseConfigurationReference = 1774B5B2F6E3BB89A0D8147B /* Pods-JioCinema.release.xcconfig */;
			buildSettings = {
				ALWAYS_EMBED_SWIFT_STANDARD_LIBRARIES = YES;
				ASSETCATALOG_COMPILER_APPICON_NAME = "App Icon & Top Shelf Image";
				ASSETCATALOG_COMPILER_LAUNCHIMAGE_NAME = LaunchImage;
				CODE_SIGN_IDENTITY = "iPhone Distribution";
				"CODE_SIGN_IDENTITY[sdk=appletvos*]" = "iPhone Distribution";
				CODE_SIGN_STYLE = Manual;
				DEVELOPMENT_TEAM = 8PVH2NGH42;
				INFOPLIST_FILE = JioCinema/Info.plist;
				LD_RUNPATH_SEARCH_PATHS = "$(inherited) @executable_path/Frameworks";
				LIBRARY_SEARCH_PATHS = (
					"$(inherited)",
					"$(PROJECT_DIR)/JioCinema/ApiManager/JioMediaAnalytics",
					"$(PROJECT_DIR)/JioCinema/JioMediaAnalytics",
				);
				PRODUCT_BUNDLE_IDENTIFIER = com.jio.media.jioondemand;
				PRODUCT_NAME = "$(TARGET_NAME)";
				PROVISIONING_PROFILE = "d83e4a74-14bf-4f58-affe-0c16d6c59933";
				PROVISIONING_PROFILE_SPECIFIER = "Jio On Demand tvOS App Prod";
				SWIFT_OBJC_BRIDGING_HEADER = "JioCinema/JioCinema-Bridging-Header.h";
				SWIFT_SWIFT3_OBJC_INFERENCE = On;
				SWIFT_VERSION = 4.0;
				TVOS_DEPLOYMENT_TARGET = 10.2;
			};
			name = Release;
		};
/* End XCBuildConfiguration section */

/* Begin XCConfigurationList section */
		19491EE62018522700870794 /* Build configuration list for PBXNativeTarget "JCTopShelf" */ = {
			isa = XCConfigurationList;
			buildConfigurations = (
				19491EE42018522700870794 /* Debug */,
				19491EE52018522700870794 /* Release */,
			);
			defaultConfigurationIsVisible = 0;
			defaultConfigurationName = Release;
		};
		7B78D7B91F13A91900F319BF /* Build configuration list for PBXProject "JioCinema" */ = {
			isa = XCConfigurationList;
			buildConfigurations = (
				7B78D7CB1F13A91A00F319BF /* Debug */,
				7B78D7CC1F13A91A00F319BF /* Release */,
			);
			defaultConfigurationIsVisible = 0;
			defaultConfigurationName = Release;
		};
		7B78D7CD1F13A91A00F319BF /* Build configuration list for PBXNativeTarget "JioCinema" */ = {
			isa = XCConfigurationList;
			buildConfigurations = (
				7B78D7CE1F13A91A00F319BF /* Debug */,
				7B78D7CF1F13A91A00F319BF /* Release */,
			);
			defaultConfigurationIsVisible = 0;
			defaultConfigurationName = Release;
		};
/* End XCConfigurationList section */
	};
	rootObject = 7B78D7B61F13A91900F319BF /* Project object */;
}
